// !$*UTF8*$!
{
	archiveVersion = 1;
	classes = {
	};
	objectVersion = 46;
	objects = {

/* Begin PBXBuildFile section */
		AD78DD7F1A92B77A00541CC7 /* main.m in Sources */ = {isa = PBXBuildFile; fileRef = AD78DD7E1A92B77A00541CC7 /* main.m */; };
		AD78DD821A92B77A00541CC7 /* AppDelegate.m in Sources */ = {isa = PBXBuildFile; fileRef = AD78DD811A92B77A00541CC7 /* AppDelegate.m */; };
		AD78DD841A92B77A00541CC7 /* Images.xcassets in Resources */ = {isa = PBXBuildFile; fileRef = AD78DD831A92B77A00541CC7 /* Images.xcassets */; };
		AD78DD871A92B77A00541CC7 /* LaunchScreen.xib in Resources */ = {isa = PBXBuildFile; fileRef = AD78DD851A92B77A00541CC7 /* LaunchScreen.xib */; };
		AD78DD931A92B77A00541CC7 /* BasketballRankingTests.m in Sources */ = {isa = PBXBuildFile; fileRef = AD78DD921A92B77A00541CC7 /* BasketballRankingTests.m */; };
/* End PBXBuildFile section */

/* Begin PBXContainerItemProxy section */
		AD78DD8D1A92B77A00541CC7 /* PBXContainerItemProxy */ = {
			isa = PBXContainerItemProxy;
			containerPortal = AD78DD711A92B77A00541CC7 /* Project object */;
			proxyType = 1;
			remoteGlobalIDString = AD78DD781A92B77A00541CC7;
			remoteInfo = BasketballRanking;
		};
/* End PBXContainerItemProxy section */

/* Begin PBXFileReference section */
		AD78DD791A92B77A00541CC7 /* BasketballRanking.app */ = {isa = PBXFileReference; explicitFileType = wrapper.application; includeInIndex = 0; path = BasketballRanking.app; sourceTree = BUILT_PRODUCTS_DIR; };
		AD78DD7D1A92B77A00541CC7 /* Info.plist */ = {isa = PBXFileReference; lastKnownFileType = text.plist.xml; path = Info.plist; sourceTree = "<group>"; };
		AD78DD7E1A92B77A00541CC7 /* main.m */ = {isa = PBXFileReference; lastKnownFileType = sourcecode.c.objc; path = main.m; sourceTree = "<group>"; };
		AD78DD801A92B77A00541CC7 /* AppDelegate.h */ = {isa = PBXFileReference; lastKnownFileType = sourcecode.c.h; path = AppDelegate.h; sourceTree = "<group>"; };
		AD78DD811A92B77A00541CC7 /* AppDelegate.m */ = {isa = PBXFileReference; lastKnownFileType = sourcecode.c.objc; path = AppDelegate.m; sourceTree = "<group>"; };
		AD78DD831A92B77A00541CC7 /* Images.xcassets */ = {isa = PBXFileReference; lastKnownFileType = folder.assetcatalog; path = Images.xcassets; sourceTree = "<group>"; };
		AD78DD861A92B77A00541CC7 /* Base */ = {isa = PBXFileReference; lastKnownFileType = file.xib; name = Base; path = Base.lproj/LaunchScreen.xib; sourceTree = "<group>"; };
		AD78DD8C1A92B77A00541CC7 /* BasketballRankingTests.xctest */ = {isa = PBXFileReference; explicitFileType = wrapper.cfbundle; includeInIndex = 0; path = BasketballRankingTests.xctest; sourceTree = BUILT_PRODUCTS_DIR; };
		AD78DD911A92B77A00541CC7 /* Info.plist */ = {isa = PBXFileReference; lastKnownFileType = text.plist.xml; path = Info.plist; sourceTree = "<group>"; };
		AD78DD921A92B77A00541CC7 /* BasketballRankingTests.m */ = {isa = PBXFileReference; lastKnownFileType = sourcecode.c.objc; path = BasketballRankingTests.m; sourceTree = "<group>"; };
/* End PBXFileReference section */

/* Begin PBXFrameworksBuildPhase section */
		AD78DD761A92B77A00541CC7 /* Frameworks */ = {
			isa = PBXFrameworksBuildPhase;
			buildActionMask = 2147483647;
			files = (
			);
			runOnlyForDeploymentPostprocessing = 0;
		};
		AD78DD891A92B77A00541CC7 /* Frameworks */ = {
			isa = PBXFrameworksBuildPhase;
			buildActionMask = 2147483647;
			files = (
			);
			runOnlyForDeploymentPostprocessing = 0;
		};
/* End PBXFrameworksBuildPhase section */

/* Begin PBXGroup section */
		AD78DD701A92B77A00541CC7 = {
			isa = PBXGroup;
			children = (
				AD78DD7B1A92B77A00541CC7 /* BasketballRanking */,
				AD78DD8F1A92B77A00541CC7 /* BasketballRankingTests */,
				AD78DD7A1A92B77A00541CC7 /* Products */,
			);
			sourceTree = "<group>";
		};
		AD78DD7A1A92B77A00541CC7 /* Products */ = {
			isa = PBXGroup;
			children = (
				AD78DD791A92B77A00541CC7 /* BasketballRanking.app */,
				AD78DD8C1A92B77A00541CC7 /* BasketballRankingTests.xctest */,
			);
			name = Products;
			sourceTree = "<group>";
		};
		AD78DD7B1A92B77A00541CC7 /* BasketballRanking */ = {
			isa = PBXGroup;
			children = (
				AD78DD801A92B77A00541CC7 /* AppDelegate.h */,
				AD78DD811A92B77A00541CC7 /* AppDelegate.m */,
				AD78DD831A92B77A00541CC7 /* Images.xcassets */,
				AD78DD851A92B77A00541CC7 /* LaunchScreen.xib */,
				AD78DD7C1A92B77A00541CC7 /* Supporting Files */,
			);
			path = BasketballRanking;
			sourceTree = "<group>";
		};
		AD78DD7C1A92B77A00541CC7 /* Supporting Files */ = {
			isa = PBXGroup;
			children = (
				AD78DD7D1A92B77A00541CC7 /* Info.plist */,
				AD78DD7E1A92B77A00541CC7 /* main.m */,
			);
			name = "Supporting Files";
			sourceTree = "<group>";
		};
		AD78DD8F1A92B77A00541CC7 /* BasketballRankingTests */ = {
			isa = PBXGroup;
			children = (
				AD78DD921A92B77A00541CC7 /* BasketballRankingTests.m */,
				AD78DD901A92B77A00541CC7 /* Supporting Files */,
			);
			path = BasketballRankingTests;
			sourceTree = "<group>";
		};
		AD78DD901A92B77A00541CC7 /* Supporting Files */ = {
			isa = PBXGroup;
			children = (
				AD78DD911A92B77A00541CC7 /* Info.plist */,
			);
			name = "Supporting Files";
			sourceTree = "<group>";
		};
/* End PBXGroup section */

/* Begin PBXNativeTarget section */
		AD78DD781A92B77A00541CC7 /* BasketballRanking */ = {
			isa = PBXNativeTarget;
			buildConfigurationList = AD78DD961A92B77A00541CC7 /* Build configuration list for PBXNativeTarget "BasketballRanking" */;
			buildPhases = (
				AD78DD751A92B77A00541CC7 /* Sources */,
				AD78DD761A92B77A00541CC7 /* Frameworks */,
				AD78DD771A92B77A00541CC7 /* Resources */,
			);
			buildRules = (
			);
			dependencies = (
			);
			name = BasketballRanking;
			productName = BasketballRanking;
			productReference = AD78DD791A92B77A00541CC7 /* BasketballRanking.app */;
			productType = "com.apple.product-type.application";
		};
		AD78DD8B1A92B77A00541CC7 /* BasketballRankingTests */ = {
			isa = PBXNativeTarget;
			buildConfigurationList = AD78DD991A92B77A00541CC7 /* Build configuration list for PBXNativeTarget "BasketballRankingTests" */;
			buildPhases = (
				AD78DD881A92B77A00541CC7 /* Sources */,
				AD78DD891A92B77A00541CC7 /* Frameworks */,
				AD78DD8A1A92B77A00541CC7 /* Resources */,
			);
			buildRules = (
			);
			dependencies = (
				AD78DD8E1A92B77A00541CC7 /* PBXTargetDependency */,
			);
			name = BasketballRankingTests;
			productName = BasketballRankingTests;
			productReference = AD78DD8C1A92B77A00541CC7 /* BasketballRankingTests.xctest */;
			productType = "com.apple.product-type.bundle.unit-test";
		};
/* End PBXNativeTarget section */

/* Begin PBXProject section */
		AD78DD711A92B77A00541CC7 /* Project object */ = {
			isa = PBXProject;
			attributes = {
				LastUpgradeCheck = 0610;
				ORGANIZATIONNAME = "Vicente Oliva de la Serna";
				TargetAttributes = {
					AD78DD781A92B77A00541CC7 = {
						CreatedOnToolsVersion = 6.1.1;
					};
					AD78DD8B1A92B77A00541CC7 = {
						CreatedOnToolsVersion = 6.1.1;
						TestTargetID = AD78DD781A92B77A00541CC7;
					};
				};
			};
			buildConfigurationList = AD78DD741A92B77A00541CC7 /* Build configuration list for PBXProject "BasketballRanking" */;
			compatibilityVersion = "Xcode 3.2";
			developmentRegion = English;
			hasScannedForEncodings = 0;
			knownRegions = (
				en,
				Base,
			);
			mainGroup = AD78DD701A92B77A00541CC7;
			productRefGroup = AD78DD7A1A92B77A00541CC7 /* Products */;
			projectDirPath = "";
			projectRoot = "";
			targets = (
				AD78DD781A92B77A00541CC7 /* BasketballRanking */,
				AD78DD8B1A92B77A00541CC7 /* BasketballRankingTests */,
			);
		};
/* End PBXProject section */

/* Begin PBXResourcesBuildPhase section */
		AD78DD771A92B77A00541CC7 /* Resources */ = {
			isa = PBXResourcesBuildPhase;
			buildActionMask = 2147483647;
			files = (
				AD78DD871A92B77A00541CC7 /* LaunchScreen.xib in Resources */,
				AD78DD841A92B77A00541CC7 /* Images.xcassets in Resources */,
			);
			runOnlyForDeploymentPostprocessing = 0;
		};
		AD78DD8A1A92B77A00541CC7 /* Resources */ = {
			isa = PBXResourcesBuildPhase;
			buildActionMask = 2147483647;
			files = (
			);
			runOnlyForDeploymentPostprocessing = 0;
		};
/* End PBXResourcesBuildPhase section */

/* Begin PBXSourcesBuildPhase section */
		AD78DD751A92B77A00541CC7 /* Sources */ = {
			isa = PBXSourcesBuildPhase;
			buildActionMask = 2147483647;
			files = (
				AD78DD821A92B77A00541CC7 /* AppDelegate.m in Sources */,
				AD78DD7F1A92B77A00541CC7 /* main.m in Sources */,
			);
			runOnlyForDeploymentPostprocessing = 0;
		};
		AD78DD881A92B77A00541CC7 /* Sources */ = {
			isa = PBXSourcesBuildPhase;
			buildActionMask = 2147483647;
			files = (
				AD78DD931A92B77A00541CC7 /* BasketballRankingTests.m in Sources */,
			);
			runOnlyForDeploymentPostprocessing = 0;
		};
/* End PBXSourcesBuildPhase section */

/* Begin PBXTargetDependency section */
		AD78DD8E1A92B77A00541CC7 /* PBXTargetDependency */ = {
			isa = PBXTargetDependency;
			target = AD78DD781A92B77A00541CC7 /* BasketballRanking */;
			targetProxy = AD78DD8D1A92B77A00541CC7 /* PBXContainerItemProxy */;
		};
/* End PBXTargetDependency section */

/* Begin PBXVariantGroup section */
		AD78DD851A92B77A00541CC7 /* LaunchScreen.xib */ = {
			isa = PBXVariantGroup;
			children = (
				AD78DD861A92B77A00541CC7 /* Base */,
			);
			name = LaunchScreen.xib;
			sourceTree = "<group>";
		};
/* End PBXVariantGroup section */

/* Begin XCBuildConfiguration section */
		AD78DD941A92B77A00541CC7 /* Debug */ = {
			isa = XCBuildConfiguration;
			buildSettings = {
				ALWAYS_SEARCH_USER_PATHS = NO;
				CLANG_CXX_LANGUAGE_STANDARD = "gnu++0x";
				CLANG_CXX_LIBRARY = "libc++";
				CLANG_ENABLE_MODULES = YES;
				CLANG_ENABLE_OBJC_ARC = YES;
				CLANG_WARN_BOOL_CONVERSION = YES;
				CLANG_WARN_CONSTANT_CONVERSION = YES;
				CLANG_WARN_DIRECT_OBJC_ISA_USAGE = YES_ERROR;
				CLANG_WARN_EMPTY_BODY = YES;
				CLANG_WARN_ENUM_CONVERSION = YES;
				CLANG_WARN_INT_CONVERSION = YES;
				CLANG_WARN_OBJC_ROOT_CLASS = YES_ERROR;
				CLANG_WARN_UNREACHABLE_CODE = YES;
				CLANG_WARN__DUPLICATE_METHOD_MATCH = YES;
				"CODE_SIGN_IDENTITY[sdk=iphoneos*]" = "iPhone Developer";
				COPY_PHASE_STRIP = NO;
				ENABLE_STRICT_OBJC_MSGSEND = YES;
				GCC_C_LANGUAGE_STANDARD = gnu99;
				GCC_DYNAMIC_NO_PIC = NO;
				GCC_OPTIMIZATION_LEVEL = 0;
				GCC_PREPROCESSOR_DEFINITIONS = (
					"DEBUG=1",
					"$(inherited)",
				);
				GCC_SYMBOLS_PRIVATE_EXTERN = NO;
				GCC_WARN_64_TO_32_BIT_CONVERSION = YES;
				GCC_WARN_ABOUT_RETURN_TYPE = YES_ERROR;
				GCC_WARN_UNDECLARED_SELECTOR = YES;
				GCC_WARN_UNINITIALIZED_AUTOS = YES_AGGRESSIVE;
				GCC_WARN_UNUSED_FUNCTION = YES;
				GCC_WARN_UNUSED_VARIABLE = YES;
				IPHONEOS_DEPLOYMENT_TARGET = 8.1;
				MTL_ENABLE_DEBUG_INFO = YES;
				ONLY_ACTIVE_ARCH = YES;
				SDKROOT = iphoneos;
				TARGETED_DEVICE_FAMILY = 2;
			};
			name = Debug;
		};
		AD78DD951A92B77A00541CC7 /* Release */ = {
			isa = XCBuildConfiguration;
			buildSettings = {
				ALWAYS_SEARCH_USER_PATHS = NO;
				CLANG_CXX_LANGUAGE_STANDARD = "gnu++0x";
				CLANG_CXX_LIBRARY = "libc++";
				CLANG_ENABLE_MODULES = YES;
				CLANG_ENABLE_OBJC_ARC = YES;
				CLANG_WARN_BOOL_CONVERSION = YES;
				CLANG_WARN_CONSTANT_CONVERSION = YES;
				CLANG_WARN_DIRECT_OBJC_ISA_USAGE = YES_ERROR;
				CLANG_WARN_EMPTY_BODY = YES;
				CLANG_WARN_ENUM_CONVERSION = YES;
				CLANG_WARN_INT_CONVERSION = YES;
				CLANG_WARN_OBJC_ROOT_CLASS = YES_ERROR;
				CLANG_WARN_UNREACHABLE_CODE = YES;
				CLANG_WARN__DUPLICATE_METHOD_MATCH = YES;
				"CODE_SIGN_IDENTITY[sdk=iphoneos*]" = "iPhone Developer";
				COPY_PHASE_STRIP = YES;
				ENABLE_NS_ASSERTIONS = NO;
				ENABLE_STRICT_OBJC_MSGSEND = YES;
				GCC_C_LANGUAGE_STANDARD = gnu99;
				GCC_WARN_64_TO_32_BIT_CONVERSION = YES;
				GCC_WARN_ABOUT_RETURN_TYPE = YES_ERROR;
				GCC_WARN_UNDECLARED_SELECTOR = YES;
				GCC_WARN_UNINITIALIZED_AUTOS = YES_AGGRESSIVE;
				GCC_WARN_UNUSED_FUNCTION = YES;
				GCC_WARN_UNUSED_VARIABLE = YES;
				IPHONEOS_DEPLOYMENT_TARGET = 8.1;
				MTL_ENABLE_DEBUG_INFO = NO;
				SDKROOT = iphoneos;
				TARGETED_DEVICE_FAMILY = 2;
				VALIDATE_PRODUCT = YES;
			};
			name = Release;
		};
		AD78DD971A92B77A00541CC7 /* Debug */ = {
			isa = XCBuildConfiguration;
			buildSettings = {
				ASSETCATALOG_COMPILER_APPICON_NAME = AppIcon;
				INFOPLIST_FILE = BasketballRanking/Info.plist;
				LD_RUNPATH_SEARCH_PATHS = "$(inherited) @executable_path/Frameworks";
				PRODUCT_NAME = "$(TARGET_NAME)";
			};
			name = Debug;
		};
		AD78DD981A92B77A00541CC7 /* Release */ = {
			isa = XCBuildConfiguration;
			buildSettings = {
				ASSETCATALOG_COMPILER_APPICON_NAME = AppIcon;
				INFOPLIST_FILE = BasketballRanking/Info.plist;
				LD_RUNPATH_SEARCH_PATHS = "$(inherited) @executable_path/Frameworks";
				PRODUCT_NAME = "$(TARGET_NAME)";
			};
			name = Release;
		};
		AD78DD9A1A92B77A00541CC7 /* Debug */ = {
			isa = XCBuildConfiguration;
			buildSettings = {
				BUNDLE_LOADER = "$(TEST_HOST)";
				FRAMEWORK_SEARCH_PATHS = (
					"$(SDKROOT)/Developer/Library/Frameworks",
					"$(inherited)",
				);
				GCC_PREPROCESSOR_DEFINITIONS = (
					"DEBUG=1",
					"$(inherited)",
				);
				INFOPLIST_FILE = BasketballRankingTests/Info.plist;
				LD_RUNPATH_SEARCH_PATHS = "$(inherited) @executable_path/Frameworks @loader_path/Frameworks";
				PRODUCT_NAME = "$(TARGET_NAME)";
				TEST_HOST = "$(BUILT_PRODUCTS_DIR)/BasketballRanking.app/BasketballRanking";
			};
			name = Debug;
		};
		AD78DD9B1A92B77A00541CC7 /* Release */ = {
			isa = XCBuildConfiguration;
			buildSettings = {
				BUNDLE_LOADER = "$(TEST_HOST)";
				FRAMEWORK_SEARCH_PATHS = (
					"$(SDKROOT)/Developer/Library/Frameworks",
					"$(inherited)",
				);
				INFOPLIST_FILE = BasketballRankingTests/Info.plist;
				LD_RUNPATH_SEARCH_PATHS = "$(inherited) @executable_path/Frameworks @loader_path/Frameworks";
				PRODUCT_NAME = "$(TARGET_NAME)";
				TEST_HOST = "$(BUILT_PRODUCTS_DIR)/BasketballRanking.app/BasketballRanking";
			};
			name = Release;
		};
/* End XCBuildConfiguration section */

/* Begin XCConfigurationList section */
		AD78DD741A92B77A00541CC7 /* Build configuration list for PBXProject "BasketballRanking" */ = {
			isa = XCConfigurationList;
			buildConfigurations = (
				AD78DD941A92B77A00541CC7 /* Debug */,
				AD78DD951A92B77A00541CC7 /* Release */,
			);
			defaultConfigurationIsVisible = 0;
			defaultConfigurationName = Release;
		};
		AD78DD961A92B77A00541CC7 /* Build configuration list for PBXNativeTarget "BasketballRanking" */ = {
			isa = XCConfigurationList;
			buildConfigurations = (
				AD78DD971A92B77A00541CC7 /* Debug */,
				AD78DD981A92B77A00541CC7 /* Release */,
			);
			defaultConfigurationIsVisible = 0;
		};
		AD78DD991A92B77A00541CC7 /* Build configuration list for PBXNativeTarget "BasketballRankingTests" */ = {
			isa = XCConfigurationList;
			buildConfigurations = (
				AD78DD9A1A92B77A00541CC7 /* Debug */,
				AD78DD9B1A92B77A00541CC7 /* Release */,
			);
			defaultConfigurationIsVisible = 0;
		};
/* End XCConfigurationList section */
	};
	rootObject = AD78DD711A92B77A00541CC7 /* Project object */;
}
