// !$*UTF8*$!
{
	archiveVersion = 1;
	classes = {
	};
	objectVersion = 46;
	objects = {

/* Begin PBXBuildFile section */
		AD4D87121A96156000E08F03 /* VOSEditClubViewController.m in Sources */ = {isa = PBXBuildFile; fileRef = AD4D87111A96156000E08F03 /* VOSEditClubViewController.m */; };
		AD52E25A1AA531960009353C /* mobilephone15.png in Resources */ = {isa = PBXBuildFile; fileRef = AD52E2591AA531960009353C /* mobilephone15.png */; };
		AD5689ED1AB6D1BD002F2E09 /* VOSGamesViewController.m in Sources */ = {isa = PBXBuildFile; fileRef = AD5689EC1AB6D1BD002F2E09 /* VOSGamesViewController.m */; };
		AD5689F11AB6E3AC002F2E09 /* VOSSelectNewGameViewController.m in Sources */ = {isa = PBXBuildFile; fileRef = AD5689EF1AB6E3AC002F2E09 /* VOSSelectNewGameViewController.m */; };
		AD5689F21AB6E3AC002F2E09 /* VOSSelectNewGameViewController.xib in Resources */ = {isa = PBXBuildFile; fileRef = AD5689F01AB6E3AC002F2E09 /* VOSSelectNewGameViewController.xib */; };
		AD5DB7211A9B80A900F9DACE /* VOSEditGroupViewController.m in Sources */ = {isa = PBXBuildFile; fileRef = AD5DB7201A9B80A900F9DACE /* VOSEditGroupViewController.m */; };
		AD7134CC1A95EAD500F272CE /* VOSClubsViewController.m in Sources */ = {isa = PBXBuildFile; fileRef = AD7134CB1A95EAD500F272CE /* VOSClubsViewController.m */; };
		AD7134D01A95FBFF00F272CE /* VOSClubNameTableViewCell.m in Sources */ = {isa = PBXBuildFile; fileRef = AD7134CE1A95FBFF00F272CE /* VOSClubNameTableViewCell.m */; };
		AD7134D11A95FBFF00F272CE /* VOSClubNameTableViewCell.xib in Resources */ = {isa = PBXBuildFile; fileRef = AD7134CF1A95FBFF00F272CE /* VOSClubNameTableViewCell.xib */; };
		AD7134D31A95FF4400F272CE /* Dosis Book.TTF in Resources */ = {isa = PBXBuildFile; fileRef = AD7134D21A95FF4400F272CE /* Dosis Book.TTF */; };
		AD7134D81A96040A00F272CE /* VOSClubDirectionTableViewCell.m in Sources */ = {isa = PBXBuildFile; fileRef = AD7134D61A96040A00F272CE /* VOSClubDirectionTableViewCell.m */; };
		AD7134D91A96040A00F272CE /* VOSClubDirectionTableViewCell.xib in Resources */ = {isa = PBXBuildFile; fileRef = AD7134D71A96040A00F272CE /* VOSClubDirectionTableViewCell.xib */; };
		AD7134DB1A96056900F272CE /* Photo_not_available.jpg in Resources */ = {isa = PBXBuildFile; fileRef = AD7134DA1A96056900F272CE /* Photo_not_available.jpg */; };
		AD7134E01A9605C600F272CE /* VOSClubLogoTableViewCell.m in Sources */ = {isa = PBXBuildFile; fileRef = AD7134DE1A9605C600F272CE /* VOSClubLogoTableViewCell.m */; };
		AD7134E11A9605C600F272CE /* VOSClubLogoTableViewCell.xib in Resources */ = {isa = PBXBuildFile; fileRef = AD7134DF1A9605C600F272CE /* VOSClubLogoTableViewCell.xib */; };
		AD77F6971A93718E0029F418 /* VOSGroupsViewController.m in Sources */ = {isa = PBXBuildFile; fileRef = AD77F6961A93718E0029F418 /* VOSGroupsViewController.m */; };
		AD77F69B1A9378FF0029F418 /* VOSGroupTableViewCell.m in Sources */ = {isa = PBXBuildFile; fileRef = AD77F6991A9378FF0029F418 /* VOSGroupTableViewCell.m */; };
		AD77F69C1A9378FF0029F418 /* VOSGroupTableViewCell.xib in Resources */ = {isa = PBXBuildFile; fileRef = AD77F69A1A9378FF0029F418 /* VOSGroupTableViewCell.xib */; };
		AD78DD7F1A92B77A00541CC7 /* main.m in Sources */ = {isa = PBXBuildFile; fileRef = AD78DD7E1A92B77A00541CC7 /* main.m */; };
		AD78DD821A92B77A00541CC7 /* AppDelegate.m in Sources */ = {isa = PBXBuildFile; fileRef = AD78DD811A92B77A00541CC7 /* AppDelegate.m */; };
		AD78DD841A92B77A00541CC7 /* Images.xcassets in Resources */ = {isa = PBXBuildFile; fileRef = AD78DD831A92B77A00541CC7 /* Images.xcassets */; };
		AD78DD871A92B77A00541CC7 /* LaunchScreen.xib in Resources */ = {isa = PBXBuildFile; fileRef = AD78DD851A92B77A00541CC7 /* LaunchScreen.xib */; };
		AD78DD931A92B77A00541CC7 /* BasketballRankingTests.m in Sources */ = {isa = PBXBuildFile; fileRef = AD78DD921A92B77A00541CC7 /* BasketballRankingTests.m */; };
		AD78DD9E1A92B78E00541CC7 /* Model.xcdatamodeld in Sources */ = {isa = PBXBuildFile; fileRef = AD78DD9C1A92B78E00541CC7 /* Model.xcdatamodeld */; };
		AD78DDB11A92BE8100541CC7 /* _VOSAction.m in Sources */ = {isa = PBXBuildFile; fileRef = AD78DDA21A92BE8100541CC7 /* _VOSAction.m */; };
		AD78DDB21A92BE8100541CC7 /* _VOSCategory.m in Sources */ = {isa = PBXBuildFile; fileRef = AD78DDA41A92BE8100541CC7 /* _VOSCategory.m */; };
		AD78DDB31A92BE8100541CC7 /* _VOSGame.m in Sources */ = {isa = PBXBuildFile; fileRef = AD78DDA61A92BE8100541CC7 /* _VOSGame.m */; };
		AD78DDB41A92BE8100541CC7 /* _VOSGroup.m in Sources */ = {isa = PBXBuildFile; fileRef = AD78DDA81A92BE8100541CC7 /* _VOSGroup.m */; };
		AD78DDB51A92BE8100541CC7 /* _VOSPhotoContainer.m in Sources */ = {isa = PBXBuildFile; fileRef = AD78DDAA1A92BE8100541CC7 /* _VOSPhotoContainer.m */; };
		AD78DDB61A92BE8100541CC7 /* _VOSPlayer.m in Sources */ = {isa = PBXBuildFile; fileRef = AD78DDAC1A92BE8100541CC7 /* _VOSPlayer.m */; };
		AD78DDB71A92BE8100541CC7 /* _VOSStatistic.m in Sources */ = {isa = PBXBuildFile; fileRef = AD78DDAE1A92BE8100541CC7 /* _VOSStatistic.m */; };
		AD78DDB81A92BE8100541CC7 /* _VOSTeam.m in Sources */ = {isa = PBXBuildFile; fileRef = AD78DDB01A92BE8100541CC7 /* _VOSTeam.m */; };
		AD78DDC91A92BE9C00541CC7 /* VOSAction.m in Sources */ = {isa = PBXBuildFile; fileRef = AD78DDBA1A92BE9C00541CC7 /* VOSAction.m */; };
		AD78DDCA1A92BE9C00541CC7 /* VOSCategory.m in Sources */ = {isa = PBXBuildFile; fileRef = AD78DDBC1A92BE9C00541CC7 /* VOSCategory.m */; };
		AD78DDCB1A92BE9C00541CC7 /* VOSGame.m in Sources */ = {isa = PBXBuildFile; fileRef = AD78DDBE1A92BE9C00541CC7 /* VOSGame.m */; };
		AD78DDCC1A92BE9C00541CC7 /* VOSGroup.m in Sources */ = {isa = PBXBuildFile; fileRef = AD78DDC01A92BE9C00541CC7 /* VOSGroup.m */; };
		AD78DDCD1A92BE9C00541CC7 /* VOSPhotoContainer.m in Sources */ = {isa = PBXBuildFile; fileRef = AD78DDC21A92BE9C00541CC7 /* VOSPhotoContainer.m */; };
		AD78DDCE1A92BE9C00541CC7 /* VOSPlayer.m in Sources */ = {isa = PBXBuildFile; fileRef = AD78DDC41A92BE9C00541CC7 /* VOSPlayer.m */; };
		AD78DDCF1A92BE9C00541CC7 /* VOSStatistic.m in Sources */ = {isa = PBXBuildFile; fileRef = AD78DDC61A92BE9C00541CC7 /* VOSStatistic.m */; };
		AD78DDD01A92BE9C00541CC7 /* VOSTeam.m in Sources */ = {isa = PBXBuildFile; fileRef = AD78DDC81A92BE9C00541CC7 /* VOSTeam.m */; };
		AD78DDD61A92C10400541CC7 /* UIViewController+Navigation.m in Sources */ = {isa = PBXBuildFile; fileRef = AD78DDD51A92C10400541CC7 /* UIViewController+Navigation.m */; };
		AD78DDD91A92C1AA00541CC7 /* VOSCoreDataStack.m in Sources */ = {isa = PBXBuildFile; fileRef = AD78DDD81A92C1AA00541CC7 /* VOSCoreDataStack.m */; };
		AD78DDDD1A92C1F900541CC7 /* VOSCoreDataTableViewController.m in Sources */ = {isa = PBXBuildFile; fileRef = AD78DDDC1A92C1F900541CC7 /* VOSCoreDataTableViewController.m */; };
		AD78DDE01A92C24F00541CC7 /* VOSCategoriesViewController.m in Sources */ = {isa = PBXBuildFile; fileRef = AD78DDDF1A92C24F00541CC7 /* VOSCategoriesViewController.m */; };
		AD78DDE91A92C57800541CC7 /* VOSActionTableViewController.m in Sources */ = {isa = PBXBuildFile; fileRef = AD78DDE81A92C57800541CC7 /* VOSActionTableViewController.m */; };
		AD78DDED1A92C61700541CC7 /* VOSActionTableViewCell.m in Sources */ = {isa = PBXBuildFile; fileRef = AD78DDEB1A92C61700541CC7 /* VOSActionTableViewCell.m */; };
		AD78DDEE1A92C61700541CC7 /* VOSActionTableViewCell.xib in Resources */ = {isa = PBXBuildFile; fileRef = AD78DDEC1A92C61700541CC7 /* VOSActionTableViewCell.xib */; };
		AD9B7D741A968EB100060D70 /* AmaticSC-Bold.ttf in Resources */ = {isa = PBXBuildFile; fileRef = AD9B7D731A968E3700060D70 /* AmaticSC-Bold.ttf */; };
		ADA19F4A1A9C750C00687BA2 /* VOSTeamsViewController.m in Sources */ = {isa = PBXBuildFile; fileRef = ADA19F491A9C750C00687BA2 /* VOSTeamsViewController.m */; };
		ADA19F4E1A9C852B00687BA2 /* VOSEditTeamViewController.m in Sources */ = {isa = PBXBuildFile; fileRef = ADA19F4C1A9C852B00687BA2 /* VOSEditTeamViewController.m */; };
		ADA19F4F1A9C852B00687BA2 /* VOSEditTeamViewController.xib in Resources */ = {isa = PBXBuildFile; fileRef = ADA19F4D1A9C852B00687BA2 /* VOSEditTeamViewController.xib */; };
		ADA5E0971AC992D60069FD1C /* Canasta_1.png in Resources */ = {isa = PBXBuildFile; fileRef = ADA5E0961AC992D60069FD1C /* Canasta_1.png */; };
		ADA5E09A1AC995550069FD1C /* Canasta_2.png in Resources */ = {isa = PBXBuildFile; fileRef = ADA5E0981AC995550069FD1C /* Canasta_2.png */; };
		ADA5E09B1AC995550069FD1C /* Canasta_3.png in Resources */ = {isa = PBXBuildFile; fileRef = ADA5E0991AC995550069FD1C /* Canasta_3.png */; };
		ADA5E09F1AC999F20069FD1C /* Canasta_KO_2.png in Resources */ = {isa = PBXBuildFile; fileRef = ADA5E09C1AC999F20069FD1C /* Canasta_KO_2.png */; };
		ADA5E0A01AC999F20069FD1C /* Canasta_KO_3.png in Resources */ = {isa = PBXBuildFile; fileRef = ADA5E09D1AC999F20069FD1C /* Canasta_KO_3.png */; };
		ADA5E0A11AC999F20069FD1C /* Canasta_KO.png in Resources */ = {isa = PBXBuildFile; fileRef = ADA5E09E1AC999F20069FD1C /* Canasta_KO.png */; };
		ADA7C1EB1AC96BEA00D583AE /* Ok.png in Resources */ = {isa = PBXBuildFile; fileRef = ADA7C1E91AC96BEA00D583AE /* Ok.png */; };
		ADA7C1EC1AC96BEA00D583AE /* Red_Cross.png in Resources */ = {isa = PBXBuildFile; fileRef = ADA7C1EA1AC96BEA00D583AE /* Red_Cross.png */; };
		ADAA9F571AA066BD006A1017 /* Player_Jumping.png in Resources */ = {isa = PBXBuildFile; fileRef = ADAA9F561AA066BD006A1017 /* Player_Jumping.png */; };
		ADAA9F5A1AA0BC68006A1017 /* VOSPlayerCollectionViewCell.m in Sources */ = {isa = PBXBuildFile; fileRef = ADAA9F591AA0BC68006A1017 /* VOSPlayerCollectionViewCell.m */; };
		ADAA9F5C1AA0BC8A006A1017 /* VOSPlayerCollectionViewCell.xib in Resources */ = {isa = PBXBuildFile; fileRef = ADAA9F5B1AA0BC8A006A1017 /* VOSPlayerCollectionViewCell.xib */; };
		ADAA9F5F1AA0C674006A1017 /* VOSPlayerCollectionViewController.m in Sources */ = {isa = PBXBuildFile; fileRef = ADAA9F5E1AA0C674006A1017 /* VOSPlayerCollectionViewController.m */; };
		ADAB28C21AA5F820003272FB /* VOSEditCategoryViewController.m in Sources */ = {isa = PBXBuildFile; fileRef = ADAB28C01AA5F820003272FB /* VOSEditCategoryViewController.m */; };
		ADAB28C31AA5F820003272FB /* VOSEditCategoryViewController.xib in Resources */ = {isa = PBXBuildFile; fileRef = ADAB28C11AA5F820003272FB /* VOSEditCategoryViewController.xib */; };
		ADAB4BC71A964D48000B3054 /* VOSLogoViewController.m in Sources */ = {isa = PBXBuildFile; fileRef = ADAB4BC51A964D48000B3054 /* VOSLogoViewController.m */; };
		ADAB4BC81A964D48000B3054 /* VOSLogoViewController.xib in Resources */ = {isa = PBXBuildFile; fileRef = ADAB4BC61A964D48000B3054 /* VOSLogoViewController.xib */; };
		ADAB4BCF1A964FE0000B3054 /* UIImage+Alpha.m in Sources */ = {isa = PBXBuildFile; fileRef = ADAB4BCA1A964FE0000B3054 /* UIImage+Alpha.m */; };
		ADAB4BD01A964FE0000B3054 /* UIImage+Resize.m in Sources */ = {isa = PBXBuildFile; fileRef = ADAB4BCC1A964FE0000B3054 /* UIImage+Resize.m */; };
		ADAB4BD11A964FE0000B3054 /* UIImage+RoundedCorner.m in Sources */ = {isa = PBXBuildFile; fileRef = ADAB4BCE1A964FE0000B3054 /* UIImage+RoundedCorner.m */; };
		ADAF7A731A9F3DE600D4A096 /* VOSCoreDataCollectionViewController.m in Sources */ = {isa = PBXBuildFile; fileRef = ADAF7A721A9F3DE500D4A096 /* VOSCoreDataCollectionViewController.m */; };
		ADB0F8401AA744DF0025EEF6 /* VOSDetailClasificationViewController.m in Sources */ = {isa = PBXBuildFile; fileRef = ADB0F83E1AA744DF0025EEF6 /* VOSDetailClasificationViewController.m */; };
		ADB0F8411AA744DF0025EEF6 /* VOSDetailClasificationViewController.xib in Resources */ = {isa = PBXBuildFile; fileRef = ADB0F83F1AA744DF0025EEF6 /* VOSDetailClasificationViewController.xib */; };
		ADB218AC1AC2BD2800BBB10C /* VOSStatisticsViewController.m in Sources */ = {isa = PBXBuildFile; fileRef = ADB218AB1AC2BD2800BBB10C /* VOSStatisticsViewController.m */; };
		ADB9A7D81AC44F2E00B6B3A6 /* Bote.wav in Resources */ = {isa = PBXBuildFile; fileRef = ADB9A7D21AC44F2E00B6B3A6 /* Bote.wav */; };
		ADB9A7D91AC44F2E00B6B3A6 /* Canasta.wav in Resources */ = {isa = PBXBuildFile; fileRef = ADB9A7D31AC44F2E00B6B3A6 /* Canasta.wav */; };
		ADB9A7DA1AC44F2E00B6B3A6 /* Canasta2.wav in Resources */ = {isa = PBXBuildFile; fileRef = ADB9A7D41AC44F2E00B6B3A6 /* Canasta2.wav */; };
		ADB9A7DB1AC44F2E00B6B3A6 /* Canasta3.wav in Resources */ = {isa = PBXBuildFile; fileRef = ADB9A7D51AC44F2E00B6B3A6 /* Canasta3.wav */; };
		ADB9A7DD1AC44F2E00B6B3A6 /* Rebote.wav in Resources */ = {isa = PBXBuildFile; fileRef = ADB9A7D71AC44F2E00B6B3A6 /* Rebote.wav */; };
		ADB9A7E21AC45AB800B6B3A6 /* CafPlayer.m in Sources */ = {isa = PBXBuildFile; fileRef = ADB9A7E11AC45AB800B6B3A6 /* CafPlayer.m */; };
		ADB9D07C1A9CE84A002954CF /* VOSPlayersViewController.m in Sources */ = {isa = PBXBuildFile; fileRef = ADB9D07B1A9CE84A002954CF /* VOSPlayersViewController.m */; };
		ADB9D07E1A9CF51B002954CF /* Silueta_Jugador.jpg in Resources */ = {isa = PBXBuildFile; fileRef = ADB9D07D1A9CF51B002954CF /* Silueta_Jugador.jpg */; };
		ADB9D0821A9D1F83002954CF /* VOSPlayerNameTableViewCell.m in Sources */ = {isa = PBXBuildFile; fileRef = ADB9D0801A9D1F83002954CF /* VOSPlayerNameTableViewCell.m */; };
		ADB9D0831A9D1F83002954CF /* VOSPlayerNameTableViewCell.xib in Resources */ = {isa = PBXBuildFile; fileRef = ADB9D0811A9D1F83002954CF /* VOSPlayerNameTableViewCell.xib */; };
		ADB9D0871A9D2206002954CF /* VOSPlayerDorsalTableViewCell.m in Sources */ = {isa = PBXBuildFile; fileRef = ADB9D0851A9D2206002954CF /* VOSPlayerDorsalTableViewCell.m */; };
		ADB9D0881A9D2206002954CF /* VOSPlayerDorsalTableViewCell.xib in Resources */ = {isa = PBXBuildFile; fileRef = ADB9D0861A9D2206002954CF /* VOSPlayerDorsalTableViewCell.xib */; };
		ADBF88861AA6FBE40090E898 /* VOSClasificationViewController.m in Sources */ = {isa = PBXBuildFile; fileRef = ADBF88851AA6FBE40090E898 /* VOSClasificationViewController.m */; };
		ADC6DC801A94FFC70022BAC9 /* _VOSClasification.m in Sources */ = {isa = PBXBuildFile; fileRef = ADC6DC7B1A94FFC70022BAC9 /* _VOSClasification.m */; };
		ADC6DC811A94FFC70022BAC9 /* _VOSClub.m in Sources */ = {isa = PBXBuildFile; fileRef = ADC6DC7D1A94FFC70022BAC9 /* _VOSClub.m */; };
		ADC6DC821A94FFC70022BAC9 /* _VOSLogo.m in Sources */ = {isa = PBXBuildFile; fileRef = ADC6DC7F1A94FFC70022BAC9 /* _VOSLogo.m */; };
		ADC6DC891A9500010022BAC9 /* VOSClasification.m in Sources */ = {isa = PBXBuildFile; fileRef = ADC6DC841A9500010022BAC9 /* VOSClasification.m */; };
		ADC6DC8A1A9500010022BAC9 /* VOSClub.m in Sources */ = {isa = PBXBuildFile; fileRef = ADC6DC861A9500010022BAC9 /* VOSClub.m */; };
		ADC6DC8B1A9500010022BAC9 /* VOSLogo.m in Sources */ = {isa = PBXBuildFile; fileRef = ADC6DC881A9500010022BAC9 /* VOSLogo.m */; };
		ADCC2D141AC9572B001F8E52 /* MiAlarma.aiff in Resources */ = {isa = PBXBuildFile; fileRef = ADCC2D131AC9572B001F8E52 /* MiAlarma.aiff */; };
		ADD1755A1A9D25220048D571 /* VOSPlayerPhotoTableViewCell.m in Sources */ = {isa = PBXBuildFile; fileRef = ADD175581A9D25220048D571 /* VOSPlayerPhotoTableViewCell.m */; };
		ADD1755B1A9D25220048D571 /* VOSPlayerPhotoTableViewCell.xib in Resources */ = {isa = PBXBuildFile; fileRef = ADD175591A9D25220048D571 /* VOSPlayerPhotoTableViewCell.xib */; };
		ADD1755F1A9D3CE60048D571 /* VOSYearOfGroupTableViewCell.m in Sources */ = {isa = PBXBuildFile; fileRef = ADD1755D1A9D3CE60048D571 /* VOSYearOfGroupTableViewCell.m */; };
		ADD175601A9D3CE60048D571 /* VOSYearOfGroupTableViewCell.xib in Resources */ = {isa = PBXBuildFile; fileRef = ADD1755E1A9D3CE60048D571 /* VOSYearOfGroupTableViewCell.xib */; };
		ADD175681A9D45520048D571 /* VOSEditPlayerViewController.m in Sources */ = {isa = PBXBuildFile; fileRef = ADD175671A9D45520048D571 /* VOSEditPlayerViewController.m */; };
		ADD1756C1A9D47C70048D571 /* VOSPhotoViewController.m in Sources */ = {isa = PBXBuildFile; fileRef = ADD1756A1A9D47C70048D571 /* VOSPhotoViewController.m */; };
		ADD1756D1A9D47C70048D571 /* VOSPhotoViewController.xib in Resources */ = {isa = PBXBuildFile; fileRef = ADD1756B1A9D47C70048D571 /* VOSPhotoViewController.xib */; };
		ADD452321AC00B3400A90AD8 /* Pause_btn.png in Resources */ = {isa = PBXBuildFile; fileRef = ADD452311AC00B3400A90AD8 /* Pause_btn.png */; };
		ADD452341AC00ECD00A90AD8 /* Start_btn.png in Resources */ = {isa = PBXBuildFile; fileRef = ADD452331AC00ECD00A90AD8 /* Start_btn.png */; };
		ADD452361AC0157000A90AD8 /* Stop_btn.png in Resources */ = {isa = PBXBuildFile; fileRef = ADD452351AC0157000A90AD8 /* Stop_btn.png */; };
		ADD452381AC01CBB00A90AD8 /* Radioland.ttf in Resources */ = {isa = PBXBuildFile; fileRef = ADD452371AC01B4900A90AD8 /* Radioland.ttf */; };
		ADD4523A1AC02BDE00A90AD8 /* Restart_btn.png in Resources */ = {isa = PBXBuildFile; fileRef = ADD452391AC02BDE00A90AD8 /* Restart_btn.png */; };
		ADD784731AC9A4EE00E89801 /* Rebote_D.png in Resources */ = {isa = PBXBuildFile; fileRef = ADD784711AC9A4EE00E89801 /* Rebote_D.png */; };
		ADD784741AC9A4EE00E89801 /* Rebote_O.png in Resources */ = {isa = PBXBuildFile; fileRef = ADD784721AC9A4EE00E89801 /* Rebote_O.png */; };
		ADD784771AC9A62E00E89801 /* Perdida.png in Resources */ = {isa = PBXBuildFile; fileRef = ADD784751AC9A62E00E89801 /* Perdida.png */; };
		ADD784781AC9A62E00E89801 /* Robo.png in Resources */ = {isa = PBXBuildFile; fileRef = ADD784761AC9A62E00E89801 /* Robo.png */; };
		ADD7847A1AC9ACB300E89801 /* Tapon.png in Resources */ = {isa = PBXBuildFile; fileRef = ADD784791AC9ACB300E89801 /* Tapon.png */; };
		ADD7847C1AC9AF2500E89801 /* Asistencia.png in Resources */ = {isa = PBXBuildFile; fileRef = ADD7847B1AC9AF2500E89801 /* Asistencia.png */; };
		ADD7847F1AC9B05C00E89801 /* Falta_C.png in Resources */ = {isa = PBXBuildFile; fileRef = ADD7847D1AC9B05C00E89801 /* Falta_C.png */; };
		ADD784801AC9B05C00E89801 /* Falta_R.png in Resources */ = {isa = PBXBuildFile; fileRef = ADD7847E1AC9B05C00E89801 /* Falta_R.png */; };
		ADD784821AC9B61C00E89801 /* Records.png in Resources */ = {isa = PBXBuildFile; fileRef = ADD784811AC9B61C00E89801 /* Records.png */; };
		ADD9EF341AC07FF2005B5960 /* VOSSelectCrewViewController.m in Sources */ = {isa = PBXBuildFile; fileRef = ADD9EF331AC07FF2005B5960 /* VOSSelectCrewViewController.m */; };
		ADDFC4121AC17A3F0069C34F /* Ball.png in Resources */ = {isa = PBXBuildFile; fileRef = ADDFC4111AC17A3F0069C34F /* Ball.png */; };
		ADED9E6B1ABC2A530051806C /* VOSMatchViewController.m in Sources */ = {isa = PBXBuildFile; fileRef = ADED9E691ABC2A530051806C /* VOSMatchViewController.m */; };
		ADED9E6C1ABC2A530051806C /* VOSMatchViewController.xib in Resources */ = {isa = PBXBuildFile; fileRef = ADED9E6A1ABC2A530051806C /* VOSMatchViewController.xib */; };
		ADF8F7401AAEF46D009564D3 /* VOSTeamsInAGroupViewController.m in Sources */ = {isa = PBXBuildFile; fileRef = ADF8F73F1AAEF46D009564D3 /* VOSTeamsInAGroupViewController.m */; };
		ADF8F74B1AAF3871009564D3 /* VOSTeamsInAGroupTableViewCell.m in Sources */ = {isa = PBXBuildFile; fileRef = ADF8F7491AAF3871009564D3 /* VOSTeamsInAGroupTableViewCell.m */; };
		ADF8F74C1AAF3871009564D3 /* VOSTeamsInAGroupTableViewCell.xib in Resources */ = {isa = PBXBuildFile; fileRef = ADF8F74A1AAF3871009564D3 /* VOSTeamsInAGroupTableViewCell.xib */; };
		ADF8F7551AAF5D26009564D3 /* VOSTeamsListViewController.m in Sources */ = {isa = PBXBuildFile; fileRef = ADF8F7541AAF5D26009564D3 /* VOSTeamsListViewController.m */; };
		ADF9FE191AA3695B002BE1D4 /* CoreGraphics.framework in Frameworks */ = {isa = PBXBuildFile; fileRef = ADF9FE181AA3695B002BE1D4 /* CoreGraphics.framework */; };
		ADF9FE1B1AA36965002BE1D4 /* Foundation.framework in Frameworks */ = {isa = PBXBuildFile; fileRef = ADF9FE1A1AA36965002BE1D4 /* Foundation.framework */; };
		ADF9FE1D1AA36977002BE1D4 /* UIKit.framework in Frameworks */ = {isa = PBXBuildFile; fileRef = ADF9FE1C1AA36977002BE1D4 /* UIKit.framework */; };
		ADF9FE221AA38743002BE1D4 /* VOSDetailPlayerViewController.m in Sources */ = {isa = PBXBuildFile; fileRef = ADF9FE201AA38743002BE1D4 /* VOSDetailPlayerViewController.m */; };
		ADF9FE231AA38743002BE1D4 /* VOSDetailPlayerViewController.xib in Resources */ = {isa = PBXBuildFile; fileRef = ADF9FE211AA38743002BE1D4 /* VOSDetailPlayerViewController.xib */; };
/* End PBXBuildFile section */

/* Begin PBXContainerItemProxy section */
		AD78DD8D1A92B77A00541CC7 /* PBXContainerItemProxy */ = {
			isa = PBXContainerItemProxy;
			containerPortal = AD78DD711A92B77A00541CC7 /* Project object */;
			proxyType = 1;
			remoteGlobalIDString = AD78DD781A92B77A00541CC7;
			remoteInfo = BasketballRanking;
		};
/* End PBXContainerItemProxy section */

/* Begin PBXFileReference section */
		AD4D87101A96156000E08F03 /* VOSEditClubViewController.h */ = {isa = PBXFileReference; fileEncoding = 4; lastKnownFileType = sourcecode.c.h; path = VOSEditClubViewController.h; sourceTree = "<group>"; };
		AD4D87111A96156000E08F03 /* VOSEditClubViewController.m */ = {isa = PBXFileReference; fileEncoding = 4; lastKnownFileType = sourcecode.c.objc; path = VOSEditClubViewController.m; sourceTree = "<group>"; };
		AD52E2591AA531960009353C /* mobilephone15.png */ = {isa = PBXFileReference; lastKnownFileType = image.png; path = mobilephone15.png; sourceTree = "<group>"; };
		AD5689EB1AB6D1BD002F2E09 /* VOSGamesViewController.h */ = {isa = PBXFileReference; fileEncoding = 4; lastKnownFileType = sourcecode.c.h; path = VOSGamesViewController.h; sourceTree = "<group>"; };
		AD5689EC1AB6D1BD002F2E09 /* VOSGamesViewController.m */ = {isa = PBXFileReference; fileEncoding = 4; lastKnownFileType = sourcecode.c.objc; path = VOSGamesViewController.m; sourceTree = "<group>"; };
		AD5689EE1AB6E3AC002F2E09 /* VOSSelectNewGameViewController.h */ = {isa = PBXFileReference; fileEncoding = 4; lastKnownFileType = sourcecode.c.h; path = VOSSelectNewGameViewController.h; sourceTree = "<group>"; };
		AD5689EF1AB6E3AC002F2E09 /* VOSSelectNewGameViewController.m */ = {isa = PBXFileReference; fileEncoding = 4; lastKnownFileType = sourcecode.c.objc; path = VOSSelectNewGameViewController.m; sourceTree = "<group>"; };
		AD5689F01AB6E3AC002F2E09 /* VOSSelectNewGameViewController.xib */ = {isa = PBXFileReference; fileEncoding = 4; lastKnownFileType = file.xib; path = VOSSelectNewGameViewController.xib; sourceTree = "<group>"; };
		AD5DB71F1A9B80A900F9DACE /* VOSEditGroupViewController.h */ = {isa = PBXFileReference; fileEncoding = 4; lastKnownFileType = sourcecode.c.h; path = VOSEditGroupViewController.h; sourceTree = "<group>"; };
		AD5DB7201A9B80A900F9DACE /* VOSEditGroupViewController.m */ = {isa = PBXFileReference; fileEncoding = 4; lastKnownFileType = sourcecode.c.objc; path = VOSEditGroupViewController.m; sourceTree = "<group>"; };
		AD7134CA1A95EAD500F272CE /* VOSClubsViewController.h */ = {isa = PBXFileReference; fileEncoding = 4; lastKnownFileType = sourcecode.c.h; path = VOSClubsViewController.h; sourceTree = "<group>"; };
		AD7134CB1A95EAD500F272CE /* VOSClubsViewController.m */ = {isa = PBXFileReference; fileEncoding = 4; lastKnownFileType = sourcecode.c.objc; path = VOSClubsViewController.m; sourceTree = "<group>"; };
		AD7134CD1A95FBFF00F272CE /* VOSClubNameTableViewCell.h */ = {isa = PBXFileReference; fileEncoding = 4; lastKnownFileType = sourcecode.c.h; path = VOSClubNameTableViewCell.h; sourceTree = "<group>"; };
		AD7134CE1A95FBFF00F272CE /* VOSClubNameTableViewCell.m */ = {isa = PBXFileReference; fileEncoding = 4; lastKnownFileType = sourcecode.c.objc; path = VOSClubNameTableViewCell.m; sourceTree = "<group>"; };
		AD7134CF1A95FBFF00F272CE /* VOSClubNameTableViewCell.xib */ = {isa = PBXFileReference; fileEncoding = 4; lastKnownFileType = file.xib; path = VOSClubNameTableViewCell.xib; sourceTree = "<group>"; };
		AD7134D21A95FF4400F272CE /* Dosis Book.TTF */ = {isa = PBXFileReference; lastKnownFileType = file; path = "Dosis Book.TTF"; sourceTree = "<group>"; };
		AD7134D51A96040A00F272CE /* VOSClubDirectionTableViewCell.h */ = {isa = PBXFileReference; fileEncoding = 4; lastKnownFileType = sourcecode.c.h; path = VOSClubDirectionTableViewCell.h; sourceTree = "<group>"; };
		AD7134D61A96040A00F272CE /* VOSClubDirectionTableViewCell.m */ = {isa = PBXFileReference; fileEncoding = 4; lastKnownFileType = sourcecode.c.objc; path = VOSClubDirectionTableViewCell.m; sourceTree = "<group>"; };
		AD7134D71A96040A00F272CE /* VOSClubDirectionTableViewCell.xib */ = {isa = PBXFileReference; fileEncoding = 4; lastKnownFileType = file.xib; path = VOSClubDirectionTableViewCell.xib; sourceTree = "<group>"; };
		AD7134DA1A96056900F272CE /* Photo_not_available.jpg */ = {isa = PBXFileReference; lastKnownFileType = image.jpeg; path = Photo_not_available.jpg; sourceTree = "<group>"; };
		AD7134DD1A9605C600F272CE /* VOSClubLogoTableViewCell.h */ = {isa = PBXFileReference; fileEncoding = 4; lastKnownFileType = sourcecode.c.h; path = VOSClubLogoTableViewCell.h; sourceTree = "<group>"; };
		AD7134DE1A9605C600F272CE /* VOSClubLogoTableViewCell.m */ = {isa = PBXFileReference; fileEncoding = 4; lastKnownFileType = sourcecode.c.objc; path = VOSClubLogoTableViewCell.m; sourceTree = "<group>"; };
		AD7134DF1A9605C600F272CE /* VOSClubLogoTableViewCell.xib */ = {isa = PBXFileReference; fileEncoding = 4; lastKnownFileType = file.xib; path = VOSClubLogoTableViewCell.xib; sourceTree = "<group>"; };
		AD77F6951A93718E0029F418 /* VOSGroupsViewController.h */ = {isa = PBXFileReference; fileEncoding = 4; lastKnownFileType = sourcecode.c.h; path = VOSGroupsViewController.h; sourceTree = "<group>"; };
		AD77F6961A93718E0029F418 /* VOSGroupsViewController.m */ = {isa = PBXFileReference; fileEncoding = 4; lastKnownFileType = sourcecode.c.objc; path = VOSGroupsViewController.m; sourceTree = "<group>"; };
		AD77F6981A9378FF0029F418 /* VOSGroupTableViewCell.h */ = {isa = PBXFileReference; fileEncoding = 4; lastKnownFileType = sourcecode.c.h; path = VOSGroupTableViewCell.h; sourceTree = "<group>"; };
		AD77F6991A9378FF0029F418 /* VOSGroupTableViewCell.m */ = {isa = PBXFileReference; fileEncoding = 4; lastKnownFileType = sourcecode.c.objc; path = VOSGroupTableViewCell.m; sourceTree = "<group>"; };
		AD77F69A1A9378FF0029F418 /* VOSGroupTableViewCell.xib */ = {isa = PBXFileReference; fileEncoding = 4; lastKnownFileType = file.xib; path = VOSGroupTableViewCell.xib; sourceTree = "<group>"; };
		AD78DD791A92B77A00541CC7 /* BasketballRanking.app */ = {isa = PBXFileReference; explicitFileType = wrapper.application; includeInIndex = 0; path = BasketballRanking.app; sourceTree = BUILT_PRODUCTS_DIR; };
		AD78DD7D1A92B77A00541CC7 /* Info.plist */ = {isa = PBXFileReference; lastKnownFileType = text.plist.xml; path = Info.plist; sourceTree = "<group>"; };
		AD78DD7E1A92B77A00541CC7 /* main.m */ = {isa = PBXFileReference; lastKnownFileType = sourcecode.c.objc; path = main.m; sourceTree = "<group>"; };
		AD78DD801A92B77A00541CC7 /* AppDelegate.h */ = {isa = PBXFileReference; lastKnownFileType = sourcecode.c.h; path = AppDelegate.h; sourceTree = "<group>"; };
		AD78DD811A92B77A00541CC7 /* AppDelegate.m */ = {isa = PBXFileReference; lastKnownFileType = sourcecode.c.objc; path = AppDelegate.m; sourceTree = "<group>"; };
		AD78DD831A92B77A00541CC7 /* Images.xcassets */ = {isa = PBXFileReference; lastKnownFileType = folder.assetcatalog; path = Images.xcassets; sourceTree = "<group>"; };
		AD78DD861A92B77A00541CC7 /* Base */ = {isa = PBXFileReference; lastKnownFileType = file.xib; name = Base; path = Base.lproj/LaunchScreen.xib; sourceTree = "<group>"; };
		AD78DD8C1A92B77A00541CC7 /* BasketballRankingTests.xctest */ = {isa = PBXFileReference; explicitFileType = wrapper.cfbundle; includeInIndex = 0; path = BasketballRankingTests.xctest; sourceTree = BUILT_PRODUCTS_DIR; };
		AD78DD911A92B77A00541CC7 /* Info.plist */ = {isa = PBXFileReference; lastKnownFileType = text.plist.xml; path = Info.plist; sourceTree = "<group>"; };
		AD78DD921A92B77A00541CC7 /* BasketballRankingTests.m */ = {isa = PBXFileReference; lastKnownFileType = sourcecode.c.objc; path = BasketballRankingTests.m; sourceTree = "<group>"; };
		AD78DD9D1A92B78E00541CC7 /* Model.xcdatamodel */ = {isa = PBXFileReference; lastKnownFileType = wrapper.xcdatamodel; path = Model.xcdatamodel; sourceTree = "<group>"; };
		AD78DDA11A92BE8100541CC7 /* _VOSAction.h */ = {isa = PBXFileReference; fileEncoding = 4; lastKnownFileType = sourcecode.c.h; path = _VOSAction.h; sourceTree = "<group>"; };
		AD78DDA21A92BE8100541CC7 /* _VOSAction.m */ = {isa = PBXFileReference; fileEncoding = 4; lastKnownFileType = sourcecode.c.objc; path = _VOSAction.m; sourceTree = "<group>"; };
		AD78DDA31A92BE8100541CC7 /* _VOSCategory.h */ = {isa = PBXFileReference; fileEncoding = 4; lastKnownFileType = sourcecode.c.h; path = _VOSCategory.h; sourceTree = "<group>"; };
		AD78DDA41A92BE8100541CC7 /* _VOSCategory.m */ = {isa = PBXFileReference; fileEncoding = 4; lastKnownFileType = sourcecode.c.objc; path = _VOSCategory.m; sourceTree = "<group>"; };
		AD78DDA51A92BE8100541CC7 /* _VOSGame.h */ = {isa = PBXFileReference; fileEncoding = 4; lastKnownFileType = sourcecode.c.h; path = _VOSGame.h; sourceTree = "<group>"; };
		AD78DDA61A92BE8100541CC7 /* _VOSGame.m */ = {isa = PBXFileReference; fileEncoding = 4; lastKnownFileType = sourcecode.c.objc; path = _VOSGame.m; sourceTree = "<group>"; };
		AD78DDA71A92BE8100541CC7 /* _VOSGroup.h */ = {isa = PBXFileReference; fileEncoding = 4; lastKnownFileType = sourcecode.c.h; path = _VOSGroup.h; sourceTree = "<group>"; };
		AD78DDA81A92BE8100541CC7 /* _VOSGroup.m */ = {isa = PBXFileReference; fileEncoding = 4; lastKnownFileType = sourcecode.c.objc; path = _VOSGroup.m; sourceTree = "<group>"; };
		AD78DDA91A92BE8100541CC7 /* _VOSPhotoContainer.h */ = {isa = PBXFileReference; fileEncoding = 4; lastKnownFileType = sourcecode.c.h; path = _VOSPhotoContainer.h; sourceTree = "<group>"; };
		AD78DDAA1A92BE8100541CC7 /* _VOSPhotoContainer.m */ = {isa = PBXFileReference; fileEncoding = 4; lastKnownFileType = sourcecode.c.objc; path = _VOSPhotoContainer.m; sourceTree = "<group>"; };
		AD78DDAB1A92BE8100541CC7 /* _VOSPlayer.h */ = {isa = PBXFileReference; fileEncoding = 4; lastKnownFileType = sourcecode.c.h; path = _VOSPlayer.h; sourceTree = "<group>"; };
		AD78DDAC1A92BE8100541CC7 /* _VOSPlayer.m */ = {isa = PBXFileReference; fileEncoding = 4; lastKnownFileType = sourcecode.c.objc; path = _VOSPlayer.m; sourceTree = "<group>"; };
		AD78DDAD1A92BE8100541CC7 /* _VOSStatistic.h */ = {isa = PBXFileReference; fileEncoding = 4; lastKnownFileType = sourcecode.c.h; path = _VOSStatistic.h; sourceTree = "<group>"; };
		AD78DDAE1A92BE8100541CC7 /* _VOSStatistic.m */ = {isa = PBXFileReference; fileEncoding = 4; lastKnownFileType = sourcecode.c.objc; path = _VOSStatistic.m; sourceTree = "<group>"; };
		AD78DDAF1A92BE8100541CC7 /* _VOSTeam.h */ = {isa = PBXFileReference; fileEncoding = 4; lastKnownFileType = sourcecode.c.h; path = _VOSTeam.h; sourceTree = "<group>"; };
		AD78DDB01A92BE8100541CC7 /* _VOSTeam.m */ = {isa = PBXFileReference; fileEncoding = 4; lastKnownFileType = sourcecode.c.objc; path = _VOSTeam.m; sourceTree = "<group>"; };
		AD78DDB91A92BE9C00541CC7 /* VOSAction.h */ = {isa = PBXFileReference; fileEncoding = 4; lastKnownFileType = sourcecode.c.h; path = VOSAction.h; sourceTree = "<group>"; };
		AD78DDBA1A92BE9C00541CC7 /* VOSAction.m */ = {isa = PBXFileReference; fileEncoding = 4; lastKnownFileType = sourcecode.c.objc; path = VOSAction.m; sourceTree = "<group>"; };
		AD78DDBB1A92BE9C00541CC7 /* VOSCategory.h */ = {isa = PBXFileReference; fileEncoding = 4; lastKnownFileType = sourcecode.c.h; path = VOSCategory.h; sourceTree = "<group>"; };
		AD78DDBC1A92BE9C00541CC7 /* VOSCategory.m */ = {isa = PBXFileReference; fileEncoding = 4; lastKnownFileType = sourcecode.c.objc; path = VOSCategory.m; sourceTree = "<group>"; };
		AD78DDBD1A92BE9C00541CC7 /* VOSGame.h */ = {isa = PBXFileReference; fileEncoding = 4; lastKnownFileType = sourcecode.c.h; path = VOSGame.h; sourceTree = "<group>"; };
		AD78DDBE1A92BE9C00541CC7 /* VOSGame.m */ = {isa = PBXFileReference; fileEncoding = 4; lastKnownFileType = sourcecode.c.objc; path = VOSGame.m; sourceTree = "<group>"; };
		AD78DDBF1A92BE9C00541CC7 /* VOSGroup.h */ = {isa = PBXFileReference; fileEncoding = 4; lastKnownFileType = sourcecode.c.h; path = VOSGroup.h; sourceTree = "<group>"; };
		AD78DDC01A92BE9C00541CC7 /* VOSGroup.m */ = {isa = PBXFileReference; fileEncoding = 4; lastKnownFileType = sourcecode.c.objc; path = VOSGroup.m; sourceTree = "<group>"; };
		AD78DDC11A92BE9C00541CC7 /* VOSPhotoContainer.h */ = {isa = PBXFileReference; fileEncoding = 4; lastKnownFileType = sourcecode.c.h; path = VOSPhotoContainer.h; sourceTree = "<group>"; };
		AD78DDC21A92BE9C00541CC7 /* VOSPhotoContainer.m */ = {isa = PBXFileReference; fileEncoding = 4; lastKnownFileType = sourcecode.c.objc; path = VOSPhotoContainer.m; sourceTree = "<group>"; };
		AD78DDC31A92BE9C00541CC7 /* VOSPlayer.h */ = {isa = PBXFileReference; fileEncoding = 4; lastKnownFileType = sourcecode.c.h; path = VOSPlayer.h; sourceTree = "<group>"; };
		AD78DDC41A92BE9C00541CC7 /* VOSPlayer.m */ = {isa = PBXFileReference; fileEncoding = 4; lastKnownFileType = sourcecode.c.objc; path = VOSPlayer.m; sourceTree = "<group>"; };
		AD78DDC51A92BE9C00541CC7 /* VOSStatistic.h */ = {isa = PBXFileReference; fileEncoding = 4; lastKnownFileType = sourcecode.c.h; path = VOSStatistic.h; sourceTree = "<group>"; };
		AD78DDC61A92BE9C00541CC7 /* VOSStatistic.m */ = {isa = PBXFileReference; fileEncoding = 4; lastKnownFileType = sourcecode.c.objc; path = VOSStatistic.m; sourceTree = "<group>"; };
		AD78DDC71A92BE9C00541CC7 /* VOSTeam.h */ = {isa = PBXFileReference; fileEncoding = 4; lastKnownFileType = sourcecode.c.h; path = VOSTeam.h; sourceTree = "<group>"; };
		AD78DDC81A92BE9C00541CC7 /* VOSTeam.m */ = {isa = PBXFileReference; fileEncoding = 4; lastKnownFileType = sourcecode.c.objc; path = VOSTeam.m; sourceTree = "<group>"; };
		AD78DDD11A92BF6000541CC7 /* Settings.h */ = {isa = PBXFileReference; fileEncoding = 4; lastKnownFileType = sourcecode.c.h; path = Settings.h; sourceTree = "<group>"; };
		AD78DDD21A92BFD400541CC7 /* BasketballRanking-Prefix.pch */ = {isa = PBXFileReference; fileEncoding = 4; lastKnownFileType = sourcecode.c.h; path = "BasketballRanking-Prefix.pch"; sourceTree = "<group>"; };
		AD78DDD41A92C10400541CC7 /* UIViewController+Navigation.h */ = {isa = PBXFileReference; fileEncoding = 4; lastKnownFileType = sourcecode.c.h; path = "UIViewController+Navigation.h"; sourceTree = "<group>"; };
		AD78DDD51A92C10400541CC7 /* UIViewController+Navigation.m */ = {isa = PBXFileReference; fileEncoding = 4; lastKnownFileType = sourcecode.c.objc; path = "UIViewController+Navigation.m"; sourceTree = "<group>"; };
		AD78DDD71A92C1AA00541CC7 /* VOSCoreDataStack.h */ = {isa = PBXFileReference; fileEncoding = 4; lastKnownFileType = sourcecode.c.h; path = VOSCoreDataStack.h; sourceTree = "<group>"; };
		AD78DDD81A92C1AA00541CC7 /* VOSCoreDataStack.m */ = {isa = PBXFileReference; fileEncoding = 4; lastKnownFileType = sourcecode.c.objc; path = VOSCoreDataStack.m; sourceTree = "<group>"; };
		AD78DDDB1A92C1F900541CC7 /* VOSCoreDataTableViewController.h */ = {isa = PBXFileReference; fileEncoding = 4; lastKnownFileType = sourcecode.c.h; path = VOSCoreDataTableViewController.h; sourceTree = "<group>"; };
		AD78DDDC1A92C1F900541CC7 /* VOSCoreDataTableViewController.m */ = {isa = PBXFileReference; fileEncoding = 4; lastKnownFileType = sourcecode.c.objc; path = VOSCoreDataTableViewController.m; sourceTree = "<group>"; };
		AD78DDDE1A92C24F00541CC7 /* VOSCategoriesViewController.h */ = {isa = PBXFileReference; fileEncoding = 4; lastKnownFileType = sourcecode.c.h; path = VOSCategoriesViewController.h; sourceTree = "<group>"; };
		AD78DDDF1A92C24F00541CC7 /* VOSCategoriesViewController.m */ = {isa = PBXFileReference; fileEncoding = 4; lastKnownFileType = sourcecode.c.objc; path = VOSCategoriesViewController.m; sourceTree = "<group>"; };
		AD78DDE71A92C57800541CC7 /* VOSActionTableViewController.h */ = {isa = PBXFileReference; fileEncoding = 4; lastKnownFileType = sourcecode.c.h; path = VOSActionTableViewController.h; sourceTree = "<group>"; };
		AD78DDE81A92C57800541CC7 /* VOSActionTableViewController.m */ = {isa = PBXFileReference; fileEncoding = 4; lastKnownFileType = sourcecode.c.objc; path = VOSActionTableViewController.m; sourceTree = "<group>"; };
		AD78DDEA1A92C61700541CC7 /* VOSActionTableViewCell.h */ = {isa = PBXFileReference; fileEncoding = 4; lastKnownFileType = sourcecode.c.h; path = VOSActionTableViewCell.h; sourceTree = "<group>"; };
		AD78DDEB1A92C61700541CC7 /* VOSActionTableViewCell.m */ = {isa = PBXFileReference; fileEncoding = 4; lastKnownFileType = sourcecode.c.objc; path = VOSActionTableViewCell.m; sourceTree = "<group>"; };
		AD78DDEC1A92C61700541CC7 /* VOSActionTableViewCell.xib */ = {isa = PBXFileReference; fileEncoding = 4; lastKnownFileType = file.xib; path = VOSActionTableViewCell.xib; sourceTree = "<group>"; };
		AD9B7D731A968E3700060D70 /* AmaticSC-Bold.ttf */ = {isa = PBXFileReference; lastKnownFileType = file; path = "AmaticSC-Bold.ttf"; sourceTree = "<group>"; };
		ADA19F481A9C750C00687BA2 /* VOSTeamsViewController.h */ = {isa = PBXFileReference; fileEncoding = 4; lastKnownFileType = sourcecode.c.h; path = VOSTeamsViewController.h; sourceTree = "<group>"; };
		ADA19F491A9C750C00687BA2 /* VOSTeamsViewController.m */ = {isa = PBXFileReference; fileEncoding = 4; lastKnownFileType = sourcecode.c.objc; path = VOSTeamsViewController.m; sourceTree = "<group>"; };
		ADA19F4B1A9C852B00687BA2 /* VOSEditTeamViewController.h */ = {isa = PBXFileReference; fileEncoding = 4; lastKnownFileType = sourcecode.c.h; path = VOSEditTeamViewController.h; sourceTree = "<group>"; };
		ADA19F4C1A9C852B00687BA2 /* VOSEditTeamViewController.m */ = {isa = PBXFileReference; fileEncoding = 4; lastKnownFileType = sourcecode.c.objc; path = VOSEditTeamViewController.m; sourceTree = "<group>"; };
		ADA19F4D1A9C852B00687BA2 /* VOSEditTeamViewController.xib */ = {isa = PBXFileReference; fileEncoding = 4; lastKnownFileType = file.xib; path = VOSEditTeamViewController.xib; sourceTree = "<group>"; };
		ADA5E0961AC992D60069FD1C /* Canasta_1.png */ = {isa = PBXFileReference; lastKnownFileType = image.png; name = Canasta_1.png; path = Images.xcassets/Canasta_1.png; sourceTree = "<group>"; };
		ADA5E0981AC995550069FD1C /* Canasta_2.png */ = {isa = PBXFileReference; lastKnownFileType = image.png; name = Canasta_2.png; path = Images.xcassets/Canasta_2.png; sourceTree = "<group>"; };
		ADA5E0991AC995550069FD1C /* Canasta_3.png */ = {isa = PBXFileReference; lastKnownFileType = image.png; name = Canasta_3.png; path = Images.xcassets/Canasta_3.png; sourceTree = "<group>"; };
		ADA5E09C1AC999F20069FD1C /* Canasta_KO_2.png */ = {isa = PBXFileReference; lastKnownFileType = image.png; name = Canasta_KO_2.png; path = Images.xcassets/Canasta_KO_2.png; sourceTree = "<group>"; };
		ADA5E09D1AC999F20069FD1C /* Canasta_KO_3.png */ = {isa = PBXFileReference; lastKnownFileType = image.png; name = Canasta_KO_3.png; path = Images.xcassets/Canasta_KO_3.png; sourceTree = "<group>"; };
		ADA5E09E1AC999F20069FD1C /* Canasta_KO.png */ = {isa = PBXFileReference; lastKnownFileType = image.png; name = Canasta_KO.png; path = Images.xcassets/Canasta_KO.png; sourceTree = "<group>"; };
		ADA7C1E91AC96BEA00D583AE /* Ok.png */ = {isa = PBXFileReference; lastKnownFileType = image.png; name = Ok.png; path = Images.xcassets/Ok.png; sourceTree = "<group>"; };
		ADA7C1EA1AC96BEA00D583AE /* Red_Cross.png */ = {isa = PBXFileReference; lastKnownFileType = image.png; name = Red_Cross.png; path = Images.xcassets/Red_Cross.png; sourceTree = "<group>"; };
		ADAA9F561AA066BD006A1017 /* Player_Jumping.png */ = {isa = PBXFileReference; lastKnownFileType = image.png; path = Player_Jumping.png; sourceTree = "<group>"; };
		ADAA9F581AA0BC68006A1017 /* VOSPlayerCollectionViewCell.h */ = {isa = PBXFileReference; fileEncoding = 4; lastKnownFileType = sourcecode.c.h; path = VOSPlayerCollectionViewCell.h; sourceTree = "<group>"; };
		ADAA9F591AA0BC68006A1017 /* VOSPlayerCollectionViewCell.m */ = {isa = PBXFileReference; fileEncoding = 4; lastKnownFileType = sourcecode.c.objc; path = VOSPlayerCollectionViewCell.m; sourceTree = "<group>"; };
		ADAA9F5B1AA0BC8A006A1017 /* VOSPlayerCollectionViewCell.xib */ = {isa = PBXFileReference; fileEncoding = 4; lastKnownFileType = file.xib; path = VOSPlayerCollectionViewCell.xib; sourceTree = "<group>"; };
		ADAA9F5D1AA0C674006A1017 /* VOSPlayerCollectionViewController.h */ = {isa = PBXFileReference; fileEncoding = 4; lastKnownFileType = sourcecode.c.h; path = VOSPlayerCollectionViewController.h; sourceTree = "<group>"; };
		ADAA9F5E1AA0C674006A1017 /* VOSPlayerCollectionViewController.m */ = {isa = PBXFileReference; fileEncoding = 4; lastKnownFileType = sourcecode.c.objc; path = VOSPlayerCollectionViewController.m; sourceTree = "<group>"; };
		ADAB28BD1AA5AF8F003272FB /* Model2.xcdatamodel */ = {isa = PBXFileReference; lastKnownFileType = wrapper.xcdatamodel; path = Model2.xcdatamodel; sourceTree = "<group>"; };
		ADAB28BE1AA5C371003272FB /* Model3.xcdatamodel */ = {isa = PBXFileReference; lastKnownFileType = wrapper.xcdatamodel; path = Model3.xcdatamodel; sourceTree = "<group>"; };
		ADAB28BF1AA5F820003272FB /* VOSEditCategoryViewController.h */ = {isa = PBXFileReference; fileEncoding = 4; lastKnownFileType = sourcecode.c.h; path = VOSEditCategoryViewController.h; sourceTree = "<group>"; };
		ADAB28C01AA5F820003272FB /* VOSEditCategoryViewController.m */ = {isa = PBXFileReference; fileEncoding = 4; lastKnownFileType = sourcecode.c.objc; path = VOSEditCategoryViewController.m; sourceTree = "<group>"; };
		ADAB28C11AA5F820003272FB /* VOSEditCategoryViewController.xib */ = {isa = PBXFileReference; fileEncoding = 4; lastKnownFileType = file.xib; path = VOSEditCategoryViewController.xib; sourceTree = "<group>"; };
		ADAB4BC41A964D48000B3054 /* VOSLogoViewController.h */ = {isa = PBXFileReference; fileEncoding = 4; lastKnownFileType = sourcecode.c.h; path = VOSLogoViewController.h; sourceTree = "<group>"; };
		ADAB4BC51A964D48000B3054 /* VOSLogoViewController.m */ = {isa = PBXFileReference; fileEncoding = 4; lastKnownFileType = sourcecode.c.objc; path = VOSLogoViewController.m; sourceTree = "<group>"; };
		ADAB4BC61A964D48000B3054 /* VOSLogoViewController.xib */ = {isa = PBXFileReference; fileEncoding = 4; lastKnownFileType = file.xib; path = VOSLogoViewController.xib; sourceTree = "<group>"; };
		ADAB4BC91A964FE0000B3054 /* UIImage+Alpha.h */ = {isa = PBXFileReference; fileEncoding = 4; lastKnownFileType = sourcecode.c.h; path = "UIImage+Alpha.h"; sourceTree = "<group>"; };
		ADAB4BCA1A964FE0000B3054 /* UIImage+Alpha.m */ = {isa = PBXFileReference; fileEncoding = 4; lastKnownFileType = sourcecode.c.objc; path = "UIImage+Alpha.m"; sourceTree = "<group>"; };
		ADAB4BCB1A964FE0000B3054 /* UIImage+Resize.h */ = {isa = PBXFileReference; fileEncoding = 4; lastKnownFileType = sourcecode.c.h; path = "UIImage+Resize.h"; sourceTree = "<group>"; };
		ADAB4BCC1A964FE0000B3054 /* UIImage+Resize.m */ = {isa = PBXFileReference; fileEncoding = 4; lastKnownFileType = sourcecode.c.objc; path = "UIImage+Resize.m"; sourceTree = "<group>"; };
		ADAB4BCD1A964FE0000B3054 /* UIImage+RoundedCorner.h */ = {isa = PBXFileReference; fileEncoding = 4; lastKnownFileType = sourcecode.c.h; path = "UIImage+RoundedCorner.h"; sourceTree = "<group>"; };
		ADAB4BCE1A964FE0000B3054 /* UIImage+RoundedCorner.m */ = {isa = PBXFileReference; fileEncoding = 4; lastKnownFileType = sourcecode.c.objc; path = "UIImage+RoundedCorner.m"; sourceTree = "<group>"; };
		ADAF7A711A9F3DE500D4A096 /* VOSCoreDataCollectionViewController.h */ = {isa = PBXFileReference; fileEncoding = 4; lastKnownFileType = sourcecode.c.h; path = VOSCoreDataCollectionViewController.h; sourceTree = "<group>"; };
		ADAF7A721A9F3DE500D4A096 /* VOSCoreDataCollectionViewController.m */ = {isa = PBXFileReference; fileEncoding = 4; lastKnownFileType = sourcecode.c.objc; path = VOSCoreDataCollectionViewController.m; sourceTree = "<group>"; };
		ADAF7A871A9F584900D4A096 /* VOSDetailViewController.h */ = {isa = PBXFileReference; fileEncoding = 4; lastKnownFileType = sourcecode.c.h; path = VOSDetailViewController.h; sourceTree = "<group>"; };
		ADB0F83D1AA744DF0025EEF6 /* VOSDetailClasificationViewController.h */ = {isa = PBXFileReference; fileEncoding = 4; lastKnownFileType = sourcecode.c.h; path = VOSDetailClasificationViewController.h; sourceTree = "<group>"; };
		ADB0F83E1AA744DF0025EEF6 /* VOSDetailClasificationViewController.m */ = {isa = PBXFileReference; fileEncoding = 4; lastKnownFileType = sourcecode.c.objc; path = VOSDetailClasificationViewController.m; sourceTree = "<group>"; };
		ADB0F83F1AA744DF0025EEF6 /* VOSDetailClasificationViewController.xib */ = {isa = PBXFileReference; fileEncoding = 4; lastKnownFileType = file.xib; path = VOSDetailClasificationViewController.xib; sourceTree = "<group>"; };
		ADB218AA1AC2BD2800BBB10C /* VOSStatisticsViewController.h */ = {isa = PBXFileReference; fileEncoding = 4; lastKnownFileType = sourcecode.c.h; path = VOSStatisticsViewController.h; sourceTree = "<group>"; };
		ADB218AB1AC2BD2800BBB10C /* VOSStatisticsViewController.m */ = {isa = PBXFileReference; fileEncoding = 4; lastKnownFileType = sourcecode.c.objc; path = VOSStatisticsViewController.m; sourceTree = "<group>"; };
		ADB9A7D21AC44F2E00B6B3A6 /* Bote.wav */ = {isa = PBXFileReference; lastKnownFileType = audio.wav; path = Bote.wav; sourceTree = "<group>"; };
		ADB9A7D31AC44F2E00B6B3A6 /* Canasta.wav */ = {isa = PBXFileReference; lastKnownFileType = audio.wav; path = Canasta.wav; sourceTree = "<group>"; };
		ADB9A7D41AC44F2E00B6B3A6 /* Canasta2.wav */ = {isa = PBXFileReference; lastKnownFileType = audio.wav; path = Canasta2.wav; sourceTree = "<group>"; };
		ADB9A7D51AC44F2E00B6B3A6 /* Canasta3.wav */ = {isa = PBXFileReference; lastKnownFileType = audio.wav; path = Canasta3.wav; sourceTree = "<group>"; };
		ADB9A7D71AC44F2E00B6B3A6 /* Rebote.wav */ = {isa = PBXFileReference; lastKnownFileType = audio.wav; path = Rebote.wav; sourceTree = "<group>"; };
		ADB9A7E01AC45AB800B6B3A6 /* CafPlayer.h */ = {isa = PBXFileReference; fileEncoding = 4; lastKnownFileType = sourcecode.c.h; path = CafPlayer.h; sourceTree = "<group>"; };
		ADB9A7E11AC45AB800B6B3A6 /* CafPlayer.m */ = {isa = PBXFileReference; fileEncoding = 4; lastKnownFileType = sourcecode.c.objc; path = CafPlayer.m; sourceTree = "<group>"; };
		ADB9D07A1A9CE84A002954CF /* VOSPlayersViewController.h */ = {isa = PBXFileReference; fileEncoding = 4; lastKnownFileType = sourcecode.c.h; path = VOSPlayersViewController.h; sourceTree = "<group>"; };
		ADB9D07B1A9CE84A002954CF /* VOSPlayersViewController.m */ = {isa = PBXFileReference; fileEncoding = 4; lastKnownFileType = sourcecode.c.objc; path = VOSPlayersViewController.m; sourceTree = "<group>"; };
		ADB9D07D1A9CF51B002954CF /* Silueta_Jugador.jpg */ = {isa = PBXFileReference; lastKnownFileType = image.jpeg; path = Silueta_Jugador.jpg; sourceTree = "<group>"; };
		ADB9D07F1A9D1F83002954CF /* VOSPlayerNameTableViewCell.h */ = {isa = PBXFileReference; fileEncoding = 4; lastKnownFileType = sourcecode.c.h; path = VOSPlayerNameTableViewCell.h; sourceTree = "<group>"; };
		ADB9D0801A9D1F83002954CF /* VOSPlayerNameTableViewCell.m */ = {isa = PBXFileReference; fileEncoding = 4; lastKnownFileType = sourcecode.c.objc; path = VOSPlayerNameTableViewCell.m; sourceTree = "<group>"; };
		ADB9D0811A9D1F83002954CF /* VOSPlayerNameTableViewCell.xib */ = {isa = PBXFileReference; fileEncoding = 4; lastKnownFileType = file.xib; path = VOSPlayerNameTableViewCell.xib; sourceTree = "<group>"; };
		ADB9D0841A9D2206002954CF /* VOSPlayerDorsalTableViewCell.h */ = {isa = PBXFileReference; fileEncoding = 4; lastKnownFileType = sourcecode.c.h; path = VOSPlayerDorsalTableViewCell.h; sourceTree = "<group>"; };
		ADB9D0851A9D2206002954CF /* VOSPlayerDorsalTableViewCell.m */ = {isa = PBXFileReference; fileEncoding = 4; lastKnownFileType = sourcecode.c.objc; path = VOSPlayerDorsalTableViewCell.m; sourceTree = "<group>"; };
		ADB9D0861A9D2206002954CF /* VOSPlayerDorsalTableViewCell.xib */ = {isa = PBXFileReference; fileEncoding = 4; lastKnownFileType = file.xib; path = VOSPlayerDorsalTableViewCell.xib; sourceTree = "<group>"; };
		ADBF88841AA6FBE40090E898 /* VOSClasificationViewController.h */ = {isa = PBXFileReference; fileEncoding = 4; lastKnownFileType = sourcecode.c.h; path = VOSClasificationViewController.h; sourceTree = "<group>"; };
		ADBF88851AA6FBE40090E898 /* VOSClasificationViewController.m */ = {isa = PBXFileReference; fileEncoding = 4; lastKnownFileType = sourcecode.c.objc; path = VOSClasificationViewController.m; sourceTree = "<group>"; };
		ADC0E5B41AB0926000A24DD4 /* Model4.xcdatamodel */ = {isa = PBXFileReference; lastKnownFileType = wrapper.xcdatamodel; path = Model4.xcdatamodel; sourceTree = "<group>"; };
		ADC6DC7A1A94FFC70022BAC9 /* _VOSClasification.h */ = {isa = PBXFileReference; fileEncoding = 4; lastKnownFileType = sourcecode.c.h; path = _VOSClasification.h; sourceTree = "<group>"; };
		ADC6DC7B1A94FFC70022BAC9 /* _VOSClasification.m */ = {isa = PBXFileReference; fileEncoding = 4; lastKnownFileType = sourcecode.c.objc; path = _VOSClasification.m; sourceTree = "<group>"; };
		ADC6DC7C1A94FFC70022BAC9 /* _VOSClub.h */ = {isa = PBXFileReference; fileEncoding = 4; lastKnownFileType = sourcecode.c.h; path = _VOSClub.h; sourceTree = "<group>"; };
		ADC6DC7D1A94FFC70022BAC9 /* _VOSClub.m */ = {isa = PBXFileReference; fileEncoding = 4; lastKnownFileType = sourcecode.c.objc; path = _VOSClub.m; sourceTree = "<group>"; };
		ADC6DC7E1A94FFC70022BAC9 /* _VOSLogo.h */ = {isa = PBXFileReference; fileEncoding = 4; lastKnownFileType = sourcecode.c.h; path = _VOSLogo.h; sourceTree = "<group>"; };
		ADC6DC7F1A94FFC70022BAC9 /* _VOSLogo.m */ = {isa = PBXFileReference; fileEncoding = 4; lastKnownFileType = sourcecode.c.objc; path = _VOSLogo.m; sourceTree = "<group>"; };
		ADC6DC831A9500010022BAC9 /* VOSClasification.h */ = {isa = PBXFileReference; fileEncoding = 4; lastKnownFileType = sourcecode.c.h; path = VOSClasification.h; sourceTree = "<group>"; };
		ADC6DC841A9500010022BAC9 /* VOSClasification.m */ = {isa = PBXFileReference; fileEncoding = 4; lastKnownFileType = sourcecode.c.objc; path = VOSClasification.m; sourceTree = "<group>"; };
		ADC6DC851A9500010022BAC9 /* VOSClub.h */ = {isa = PBXFileReference; fileEncoding = 4; lastKnownFileType = sourcecode.c.h; path = VOSClub.h; sourceTree = "<group>"; };
		ADC6DC861A9500010022BAC9 /* VOSClub.m */ = {isa = PBXFileReference; fileEncoding = 4; lastKnownFileType = sourcecode.c.objc; path = VOSClub.m; sourceTree = "<group>"; };
		ADC6DC871A9500010022BAC9 /* VOSLogo.h */ = {isa = PBXFileReference; fileEncoding = 4; lastKnownFileType = sourcecode.c.h; path = VOSLogo.h; sourceTree = "<group>"; };
		ADC6DC881A9500010022BAC9 /* VOSLogo.m */ = {isa = PBXFileReference; fileEncoding = 4; lastKnownFileType = sourcecode.c.objc; path = VOSLogo.m; sourceTree = "<group>"; };
		ADCC2D131AC9572B001F8E52 /* MiAlarma.aiff */ = {isa = PBXFileReference; lastKnownFileType = audio.aiff; path = MiAlarma.aiff; sourceTree = "<group>"; };
		ADD175571A9D25220048D571 /* VOSPlayerPhotoTableViewCell.h */ = {isa = PBXFileReference; fileEncoding = 4; lastKnownFileType = sourcecode.c.h; path = VOSPlayerPhotoTableViewCell.h; sourceTree = "<group>"; };
		ADD175581A9D25220048D571 /* VOSPlayerPhotoTableViewCell.m */ = {isa = PBXFileReference; fileEncoding = 4; lastKnownFileType = sourcecode.c.objc; path = VOSPlayerPhotoTableViewCell.m; sourceTree = "<group>"; };
		ADD175591A9D25220048D571 /* VOSPlayerPhotoTableViewCell.xib */ = {isa = PBXFileReference; fileEncoding = 4; lastKnownFileType = file.xib; path = VOSPlayerPhotoTableViewCell.xib; sourceTree = "<group>"; };
		ADD1755C1A9D3CE60048D571 /* VOSYearOfGroupTableViewCell.h */ = {isa = PBXFileReference; fileEncoding = 4; lastKnownFileType = sourcecode.c.h; path = VOSYearOfGroupTableViewCell.h; sourceTree = "<group>"; };
		ADD1755D1A9D3CE60048D571 /* VOSYearOfGroupTableViewCell.m */ = {isa = PBXFileReference; fileEncoding = 4; lastKnownFileType = sourcecode.c.objc; path = VOSYearOfGroupTableViewCell.m; sourceTree = "<group>"; };
		ADD1755E1A9D3CE60048D571 /* VOSYearOfGroupTableViewCell.xib */ = {isa = PBXFileReference; fileEncoding = 4; lastKnownFileType = file.xib; path = VOSYearOfGroupTableViewCell.xib; sourceTree = "<group>"; };
		ADD175661A9D45520048D571 /* VOSEditPlayerViewController.h */ = {isa = PBXFileReference; fileEncoding = 4; lastKnownFileType = sourcecode.c.h; path = VOSEditPlayerViewController.h; sourceTree = "<group>"; };
		ADD175671A9D45520048D571 /* VOSEditPlayerViewController.m */ = {isa = PBXFileReference; fileEncoding = 4; lastKnownFileType = sourcecode.c.objc; path = VOSEditPlayerViewController.m; sourceTree = "<group>"; };
		ADD175691A9D47C70048D571 /* VOSPhotoViewController.h */ = {isa = PBXFileReference; fileEncoding = 4; lastKnownFileType = sourcecode.c.h; path = VOSPhotoViewController.h; sourceTree = "<group>"; };
		ADD1756A1A9D47C70048D571 /* VOSPhotoViewController.m */ = {isa = PBXFileReference; fileEncoding = 4; lastKnownFileType = sourcecode.c.objc; path = VOSPhotoViewController.m; sourceTree = "<group>"; };
		ADD1756B1A9D47C70048D571 /* VOSPhotoViewController.xib */ = {isa = PBXFileReference; fileEncoding = 4; lastKnownFileType = file.xib; path = VOSPhotoViewController.xib; sourceTree = "<group>"; };
		ADD452311AC00B3400A90AD8 /* Pause_btn.png */ = {isa = PBXFileReference; lastKnownFileType = image.png; name = Pause_btn.png; path = Images.xcassets/Pause_btn.png; sourceTree = "<group>"; };
		ADD452331AC00ECD00A90AD8 /* Start_btn.png */ = {isa = PBXFileReference; lastKnownFileType = image.png; name = Start_btn.png; path = Images.xcassets/Start_btn.png; sourceTree = "<group>"; };
		ADD452351AC0157000A90AD8 /* Stop_btn.png */ = {isa = PBXFileReference; lastKnownFileType = image.png; name = Stop_btn.png; path = Images.xcassets/Stop_btn.png; sourceTree = "<group>"; };
		ADD452371AC01B4900A90AD8 /* Radioland.ttf */ = {isa = PBXFileReference; lastKnownFileType = file; path = Radioland.ttf; sourceTree = "<group>"; };
		ADD452391AC02BDE00A90AD8 /* Restart_btn.png */ = {isa = PBXFileReference; lastKnownFileType = image.png; name = Restart_btn.png; path = Images.xcassets/Restart_btn.png; sourceTree = "<group>"; };
		ADD784711AC9A4EE00E89801 /* Rebote_D.png */ = {isa = PBXFileReference; lastKnownFileType = image.png; name = Rebote_D.png; path = Images.xcassets/Rebote_D.png; sourceTree = "<group>"; };
		ADD784721AC9A4EE00E89801 /* Rebote_O.png */ = {isa = PBXFileReference; lastKnownFileType = image.png; name = Rebote_O.png; path = Images.xcassets/Rebote_O.png; sourceTree = "<group>"; };
		ADD784751AC9A62E00E89801 /* Perdida.png */ = {isa = PBXFileReference; lastKnownFileType = image.png; name = Perdida.png; path = Images.xcassets/Perdida.png; sourceTree = "<group>"; };
		ADD784761AC9A62E00E89801 /* Robo.png */ = {isa = PBXFileReference; lastKnownFileType = image.png; name = Robo.png; path = Images.xcassets/Robo.png; sourceTree = "<group>"; };
		ADD784791AC9ACB300E89801 /* Tapon.png */ = {isa = PBXFileReference; lastKnownFileType = image.png; name = Tapon.png; path = Images.xcassets/Tapon.png; sourceTree = "<group>"; };
		ADD7847B1AC9AF2500E89801 /* Asistencia.png */ = {isa = PBXFileReference; lastKnownFileType = image.png; name = Asistencia.png; path = Images.xcassets/Asistencia.png; sourceTree = "<group>"; };
		ADD7847D1AC9B05C00E89801 /* Falta_C.png */ = {isa = PBXFileReference; lastKnownFileType = image.png; name = Falta_C.png; path = Images.xcassets/Falta_C.png; sourceTree = "<group>"; };
		ADD7847E1AC9B05C00E89801 /* Falta_R.png */ = {isa = PBXFileReference; lastKnownFileType = image.png; name = Falta_R.png; path = Images.xcassets/Falta_R.png; sourceTree = "<group>"; };
		ADD784811AC9B61C00E89801 /* Records.png */ = {isa = PBXFileReference; lastKnownFileType = image.png; name = Records.png; path = Images.xcassets/Records.png; sourceTree = "<group>"; };
		ADD9EF321AC07FF2005B5960 /* VOSSelectCrewViewController.h */ = {isa = PBXFileReference; fileEncoding = 4; lastKnownFileType = sourcecode.c.h; path = VOSSelectCrewViewController.h; sourceTree = "<group>"; };
		ADD9EF331AC07FF2005B5960 /* VOSSelectCrewViewController.m */ = {isa = PBXFileReference; fileEncoding = 4; lastKnownFileType = sourcecode.c.objc; path = VOSSelectCrewViewController.m; sourceTree = "<group>"; };
		ADDFC4111AC17A3F0069C34F /* Ball.png */ = {isa = PBXFileReference; lastKnownFileType = image.png; name = Ball.png; path = Images.xcassets/Ball.png; sourceTree = "<group>"; };
		ADED9E681ABC2A530051806C /* VOSMatchViewController.h */ = {isa = PBXFileReference; fileEncoding = 4; lastKnownFileType = sourcecode.c.h; path = VOSMatchViewController.h; sourceTree = "<group>"; };
		ADED9E691ABC2A530051806C /* VOSMatchViewController.m */ = {isa = PBXFileReference; fileEncoding = 4; lastKnownFileType = sourcecode.c.objc; path = VOSMatchViewController.m; sourceTree = "<group>"; };
		ADED9E6A1ABC2A530051806C /* VOSMatchViewController.xib */ = {isa = PBXFileReference; fileEncoding = 4; lastKnownFileType = file.xib; path = VOSMatchViewController.xib; sourceTree = "<group>"; };
		ADF8F73E1AAEF46D009564D3 /* VOSTeamsInAGroupViewController.h */ = {isa = PBXFileReference; fileEncoding = 4; lastKnownFileType = sourcecode.c.h; path = VOSTeamsInAGroupViewController.h; sourceTree = "<group>"; };
		ADF8F73F1AAEF46D009564D3 /* VOSTeamsInAGroupViewController.m */ = {isa = PBXFileReference; fileEncoding = 4; lastKnownFileType = sourcecode.c.objc; path = VOSTeamsInAGroupViewController.m; sourceTree = "<group>"; };
		ADF8F7481AAF3871009564D3 /* VOSTeamsInAGroupTableViewCell.h */ = {isa = PBXFileReference; fileEncoding = 4; lastKnownFileType = sourcecode.c.h; path = VOSTeamsInAGroupTableViewCell.h; sourceTree = "<group>"; };
		ADF8F7491AAF3871009564D3 /* VOSTeamsInAGroupTableViewCell.m */ = {isa = PBXFileReference; fileEncoding = 4; lastKnownFileType = sourcecode.c.objc; path = VOSTeamsInAGroupTableViewCell.m; sourceTree = "<group>"; };
		ADF8F74A1AAF3871009564D3 /* VOSTeamsInAGroupTableViewCell.xib */ = {isa = PBXFileReference; fileEncoding = 4; lastKnownFileType = file.xib; path = VOSTeamsInAGroupTableViewCell.xib; sourceTree = "<group>"; };
		ADF8F7531AAF5D26009564D3 /* VOSTeamsListViewController.h */ = {isa = PBXFileReference; fileEncoding = 4; lastKnownFileType = sourcecode.c.h; path = VOSTeamsListViewController.h; sourceTree = "<group>"; };
		ADF8F7541AAF5D26009564D3 /* VOSTeamsListViewController.m */ = {isa = PBXFileReference; fileEncoding = 4; lastKnownFileType = sourcecode.c.objc; path = VOSTeamsListViewController.m; sourceTree = "<group>"; };
		ADF9FE181AA3695B002BE1D4 /* CoreGraphics.framework */ = {isa = PBXFileReference; lastKnownFileType = wrapper.framework; name = CoreGraphics.framework; path = System/Library/Frameworks/CoreGraphics.framework; sourceTree = SDKROOT; };
		ADF9FE1A1AA36965002BE1D4 /* Foundation.framework */ = {isa = PBXFileReference; lastKnownFileType = wrapper.framework; name = Foundation.framework; path = System/Library/Frameworks/Foundation.framework; sourceTree = SDKROOT; };
		ADF9FE1C1AA36977002BE1D4 /* UIKit.framework */ = {isa = PBXFileReference; lastKnownFileType = wrapper.framework; name = UIKit.framework; path = System/Library/Frameworks/UIKit.framework; sourceTree = SDKROOT; };
		ADF9FE1F1AA38743002BE1D4 /* VOSDetailPlayerViewController.h */ = {isa = PBXFileReference; fileEncoding = 4; lastKnownFileType = sourcecode.c.h; path = VOSDetailPlayerViewController.h; sourceTree = "<group>"; };
		ADF9FE201AA38743002BE1D4 /* VOSDetailPlayerViewController.m */ = {isa = PBXFileReference; fileEncoding = 4; lastKnownFileType = sourcecode.c.objc; path = VOSDetailPlayerViewController.m; sourceTree = "<group>"; };
		ADF9FE211AA38743002BE1D4 /* VOSDetailPlayerViewController.xib */ = {isa = PBXFileReference; fileEncoding = 4; lastKnownFileType = file.xib; path = VOSDetailPlayerViewController.xib; sourceTree = "<group>"; };
/* End PBXFileReference section */

/* Begin PBXFrameworksBuildPhase section */
		AD78DD761A92B77A00541CC7 /* Frameworks */ = {
			isa = PBXFrameworksBuildPhase;
			buildActionMask = 2147483647;
			files = (
				ADF9FE1D1AA36977002BE1D4 /* UIKit.framework in Frameworks */,
				ADF9FE1B1AA36965002BE1D4 /* Foundation.framework in Frameworks */,
				ADF9FE191AA3695B002BE1D4 /* CoreGraphics.framework in Frameworks */,
			);
			runOnlyForDeploymentPostprocessing = 0;
		};
		AD78DD891A92B77A00541CC7 /* Frameworks */ = {
			isa = PBXFrameworksBuildPhase;
			buildActionMask = 2147483647;
			files = (
			);
			runOnlyForDeploymentPostprocessing = 0;
		};
/* End PBXFrameworksBuildPhase section */

/* Begin PBXGroup section */
		AD7134D41A95FFBB00F272CE /* Fonts */ = {
			isa = PBXGroup;
			children = (
				ADD452371AC01B4900A90AD8 /* Radioland.ttf */,
				AD7134D21A95FF4400F272CE /* Dosis Book.TTF */,
				AD9B7D731A968E3700060D70 /* AmaticSC-Bold.ttf */,
			);
			name = Fonts;
			sourceTree = "<group>";
		};
		AD7134DC1A96057200F272CE /* Image */ = {
			isa = PBXGroup;
			children = (
				ADA5E0961AC992D60069FD1C /* Canasta_1.png */,
				ADA5E0981AC995550069FD1C /* Canasta_2.png */,
				ADA5E0991AC995550069FD1C /* Canasta_3.png */,
				ADA5E09C1AC999F20069FD1C /* Canasta_KO_2.png */,
				ADD784811AC9B61C00E89801 /* Records.png */,
				ADA5E09D1AC999F20069FD1C /* Canasta_KO_3.png */,
				ADA5E09E1AC999F20069FD1C /* Canasta_KO.png */,
				ADD7847B1AC9AF2500E89801 /* Asistencia.png */,
				ADD7847D1AC9B05C00E89801 /* Falta_C.png */,
				ADD7847E1AC9B05C00E89801 /* Falta_R.png */,
				ADD784751AC9A62E00E89801 /* Perdida.png */,
				ADD784761AC9A62E00E89801 /* Robo.png */,
				ADD452331AC00ECD00A90AD8 /* Start_btn.png */,
				ADD784791AC9ACB300E89801 /* Tapon.png */,
				ADD452391AC02BDE00A90AD8 /* Restart_btn.png */,
				ADDFC4111AC17A3F0069C34F /* Ball.png */,
				ADD784711AC9A4EE00E89801 /* Rebote_D.png */,
				ADD784721AC9A4EE00E89801 /* Rebote_O.png */,
				ADD452311AC00B3400A90AD8 /* Pause_btn.png */,
				ADD452351AC0157000A90AD8 /* Stop_btn.png */,
				AD52E2591AA531960009353C /* mobilephone15.png */,
				ADB9D07D1A9CF51B002954CF /* Silueta_Jugador.jpg */,
				ADAA9F561AA066BD006A1017 /* Player_Jumping.png */,
				AD7134DA1A96056900F272CE /* Photo_not_available.jpg */,
			);
			name = Image;
			sourceTree = "<group>";
		};
		AD7643BD1A98FAE7005C31D3 /* ClubManagement */ = {
			isa = PBXGroup;
			children = (
				AD7134CD1A95FBFF00F272CE /* VOSClubNameTableViewCell.h */,
				AD7134CE1A95FBFF00F272CE /* VOSClubNameTableViewCell.m */,
				AD7134CF1A95FBFF00F272CE /* VOSClubNameTableViewCell.xib */,
				AD7134D51A96040A00F272CE /* VOSClubDirectionTableViewCell.h */,
				AD7134D61A96040A00F272CE /* VOSClubDirectionTableViewCell.m */,
				AD7134D71A96040A00F272CE /* VOSClubDirectionTableViewCell.xib */,
				AD7134DD1A9605C600F272CE /* VOSClubLogoTableViewCell.h */,
				AD7134DE1A9605C600F272CE /* VOSClubLogoTableViewCell.m */,
				AD7134DF1A9605C600F272CE /* VOSClubLogoTableViewCell.xib */,
			);
			name = ClubManagement;
			sourceTree = "<group>";
		};
		AD7643BE1A98FB3B005C31D3 /* GroupManagement */ = {
			isa = PBXGroup;
			children = (
				AD77F6981A9378FF0029F418 /* VOSGroupTableViewCell.h */,
				AD77F6991A9378FF0029F418 /* VOSGroupTableViewCell.m */,
				AD77F69A1A9378FF0029F418 /* VOSGroupTableViewCell.xib */,
				ADD1755C1A9D3CE60048D571 /* VOSYearOfGroupTableViewCell.h */,
				ADD1755D1A9D3CE60048D571 /* VOSYearOfGroupTableViewCell.m */,
				ADD1755E1A9D3CE60048D571 /* VOSYearOfGroupTableViewCell.xib */,
				ADF8F7481AAF3871009564D3 /* VOSTeamsInAGroupTableViewCell.h */,
				ADF8F7491AAF3871009564D3 /* VOSTeamsInAGroupTableViewCell.m */,
				ADF8F74A1AAF3871009564D3 /* VOSTeamsInAGroupTableViewCell.xib */,
			);
			name = GroupManagement;
			sourceTree = "<group>";
		};
		AD78DD701A92B77A00541CC7 = {
			isa = PBXGroup;
			children = (
				ADF9FE1E1AA36A05002BE1D4 /* Frameworks */,
				AD78DD7B1A92B77A00541CC7 /* BasketballRanking */,
				AD78DD8F1A92B77A00541CC7 /* BasketballRankingTests */,
				AD78DD7A1A92B77A00541CC7 /* Products */,
			);
			sourceTree = "<group>";
		};
		AD78DD7A1A92B77A00541CC7 /* Products */ = {
			isa = PBXGroup;
			children = (
				AD78DD791A92B77A00541CC7 /* BasketballRanking.app */,
				AD78DD8C1A92B77A00541CC7 /* BasketballRankingTests.xctest */,
			);
			name = Products;
			sourceTree = "<group>";
		};
		AD78DD7B1A92B77A00541CC7 /* BasketballRanking */ = {
			isa = PBXGroup;
			children = (
				ADB9A7E31AC45AC900B6B3A6 /* Sound */,
				ADAF7A861A9F57B100D4A096 /* Protocols */,
				AD78DD801A92B77A00541CC7 /* AppDelegate.h */,
				AD78DD811A92B77A00541CC7 /* AppDelegate.m */,
				AD78DD831A92B77A00541CC7 /* Images.xcassets */,
				AD78DD851A92B77A00541CC7 /* LaunchScreen.xib */,
				AD78DDD31A92C09600541CC7 /* Categories */,
				AD78DDDA1A92C1BB00541CC7 /* Controllers */,
				AD78DD9F1A92B79500541CC7 /* Models */,
				ADAB43061A9341CB00D0D32D /* Resource */,
				AD78DD7C1A92B77A00541CC7 /* Supporting Files */,
				AD78DDE11A92C26700541CC7 /* Views */,
			);
			path = BasketballRanking;
			sourceTree = "<group>";
		};
		AD78DD7C1A92B77A00541CC7 /* Supporting Files */ = {
			isa = PBXGroup;
			children = (
				AD78DD7D1A92B77A00541CC7 /* Info.plist */,
				AD78DD7E1A92B77A00541CC7 /* main.m */,
				AD78DDD11A92BF6000541CC7 /* Settings.h */,
				AD78DDD21A92BFD400541CC7 /* BasketballRanking-Prefix.pch */,
			);
			name = "Supporting Files";
			sourceTree = "<group>";
		};
		AD78DD8F1A92B77A00541CC7 /* BasketballRankingTests */ = {
			isa = PBXGroup;
			children = (
				AD78DD921A92B77A00541CC7 /* BasketballRankingTests.m */,
				AD78DD901A92B77A00541CC7 /* Supporting Files */,
			);
			path = BasketballRankingTests;
			sourceTree = "<group>";
		};
		AD78DD901A92B77A00541CC7 /* Supporting Files */ = {
			isa = PBXGroup;
			children = (
				AD78DD911A92B77A00541CC7 /* Info.plist */,
			);
			name = "Supporting Files";
			sourceTree = "<group>";
		};
		AD78DD9F1A92B79500541CC7 /* Models */ = {
			isa = PBXGroup;
			children = (
				AD78DD9C1A92B78E00541CC7 /* Model.xcdatamodeld */,
				AD78DDB91A92BE9C00541CC7 /* VOSAction.h */,
				AD78DDBA1A92BE9C00541CC7 /* VOSAction.m */,
				AD78DDBB1A92BE9C00541CC7 /* VOSCategory.h */,
				AD78DDBC1A92BE9C00541CC7 /* VOSCategory.m */,
				ADC6DC831A9500010022BAC9 /* VOSClasification.h */,
				ADC6DC841A9500010022BAC9 /* VOSClasification.m */,
				ADC6DC851A9500010022BAC9 /* VOSClub.h */,
				ADC6DC861A9500010022BAC9 /* VOSClub.m */,
				AD78DDD71A92C1AA00541CC7 /* VOSCoreDataStack.h */,
				AD78DDD81A92C1AA00541CC7 /* VOSCoreDataStack.m */,
				AD78DDBD1A92BE9C00541CC7 /* VOSGame.h */,
				AD78DDBE1A92BE9C00541CC7 /* VOSGame.m */,
				AD78DDBF1A92BE9C00541CC7 /* VOSGroup.h */,
				AD78DDC01A92BE9C00541CC7 /* VOSGroup.m */,
				ADC6DC871A9500010022BAC9 /* VOSLogo.h */,
				ADC6DC881A9500010022BAC9 /* VOSLogo.m */,
				AD78DDC11A92BE9C00541CC7 /* VOSPhotoContainer.h */,
				AD78DDC21A92BE9C00541CC7 /* VOSPhotoContainer.m */,
				AD78DDC31A92BE9C00541CC7 /* VOSPlayer.h */,
				AD78DDC41A92BE9C00541CC7 /* VOSPlayer.m */,
				AD78DDC51A92BE9C00541CC7 /* VOSStatistic.h */,
				AD78DDC61A92BE9C00541CC7 /* VOSStatistic.m */,
				AD78DDC71A92BE9C00541CC7 /* VOSTeam.h */,
				AD78DDC81A92BE9C00541CC7 /* VOSTeam.m */,
				AD78DDA01A92BD9C00541CC7 /* Machine */,
			);
			name = Models;
			sourceTree = "<group>";
		};
		AD78DDA01A92BD9C00541CC7 /* Machine */ = {
			isa = PBXGroup;
			children = (
				ADC6DC7A1A94FFC70022BAC9 /* _VOSClasification.h */,
				ADC6DC7B1A94FFC70022BAC9 /* _VOSClasification.m */,
				ADC6DC7C1A94FFC70022BAC9 /* _VOSClub.h */,
				ADC6DC7D1A94FFC70022BAC9 /* _VOSClub.m */,
				ADC6DC7E1A94FFC70022BAC9 /* _VOSLogo.h */,
				ADC6DC7F1A94FFC70022BAC9 /* _VOSLogo.m */,
				AD78DDA11A92BE8100541CC7 /* _VOSAction.h */,
				AD78DDA21A92BE8100541CC7 /* _VOSAction.m */,
				AD78DDA31A92BE8100541CC7 /* _VOSCategory.h */,
				AD78DDA41A92BE8100541CC7 /* _VOSCategory.m */,
				AD78DDA51A92BE8100541CC7 /* _VOSGame.h */,
				AD78DDA61A92BE8100541CC7 /* _VOSGame.m */,
				AD78DDA71A92BE8100541CC7 /* _VOSGroup.h */,
				AD78DDA81A92BE8100541CC7 /* _VOSGroup.m */,
				AD78DDA91A92BE8100541CC7 /* _VOSPhotoContainer.h */,
				AD78DDAA1A92BE8100541CC7 /* _VOSPhotoContainer.m */,
				AD78DDAB1A92BE8100541CC7 /* _VOSPlayer.h */,
				AD78DDAC1A92BE8100541CC7 /* _VOSPlayer.m */,
				AD78DDAD1A92BE8100541CC7 /* _VOSStatistic.h */,
				AD78DDAE1A92BE8100541CC7 /* _VOSStatistic.m */,
				AD78DDAF1A92BE8100541CC7 /* _VOSTeam.h */,
				AD78DDB01A92BE8100541CC7 /* _VOSTeam.m */,
			);
			name = Machine;
			sourceTree = "<group>";
		};
		AD78DDD31A92C09600541CC7 /* Categories */ = {
			isa = PBXGroup;
			children = (
				AD78DDD41A92C10400541CC7 /* UIViewController+Navigation.h */,
				AD78DDD51A92C10400541CC7 /* UIViewController+Navigation.m */,
				ADAB4BC91A964FE0000B3054 /* UIImage+Alpha.h */,
				ADAB4BCA1A964FE0000B3054 /* UIImage+Alpha.m */,
				ADAB4BCB1A964FE0000B3054 /* UIImage+Resize.h */,
				ADAB4BCC1A964FE0000B3054 /* UIImage+Resize.m */,
				ADAB4BCD1A964FE0000B3054 /* UIImage+RoundedCorner.h */,
				ADAB4BCE1A964FE0000B3054 /* UIImage+RoundedCorner.m */,
			);
			name = Categories;
			sourceTree = "<group>";
		};
		AD78DDDA1A92C1BB00541CC7 /* Controllers */ = {
			isa = PBXGroup;
			children = (
				AD78DDE71A92C57800541CC7 /* VOSActionTableViewController.h */,
				AD78DDE81A92C57800541CC7 /* VOSActionTableViewController.m */,
				AD78DDDE1A92C24F00541CC7 /* VOSCategoriesViewController.h */,
				AD78DDDF1A92C24F00541CC7 /* VOSCategoriesViewController.m */,
				ADBF88841AA6FBE40090E898 /* VOSClasificationViewController.h */,
				ADBF88851AA6FBE40090E898 /* VOSClasificationViewController.m */,
				AD7134CA1A95EAD500F272CE /* VOSClubsViewController.h */,
				AD7134CB1A95EAD500F272CE /* VOSClubsViewController.m */,
				ADAF7A711A9F3DE500D4A096 /* VOSCoreDataCollectionViewController.h */,
				ADAF7A721A9F3DE500D4A096 /* VOSCoreDataCollectionViewController.m */,
				AD78DDDB1A92C1F900541CC7 /* VOSCoreDataTableViewController.h */,
				AD78DDDC1A92C1F900541CC7 /* VOSCoreDataTableViewController.m */,
				ADB0F83D1AA744DF0025EEF6 /* VOSDetailClasificationViewController.h */,
				ADB0F83E1AA744DF0025EEF6 /* VOSDetailClasificationViewController.m */,
				ADB0F83F1AA744DF0025EEF6 /* VOSDetailClasificationViewController.xib */,
				ADF9FE1F1AA38743002BE1D4 /* VOSDetailPlayerViewController.h */,
				ADF9FE201AA38743002BE1D4 /* VOSDetailPlayerViewController.m */,
				ADF9FE211AA38743002BE1D4 /* VOSDetailPlayerViewController.xib */,
				ADAB28BF1AA5F820003272FB /* VOSEditCategoryViewController.h */,
				ADAB28C01AA5F820003272FB /* VOSEditCategoryViewController.m */,
				ADAB28C11AA5F820003272FB /* VOSEditCategoryViewController.xib */,
				AD4D87101A96156000E08F03 /* VOSEditClubViewController.h */,
				AD4D87111A96156000E08F03 /* VOSEditClubViewController.m */,
				AD5DB71F1A9B80A900F9DACE /* VOSEditGroupViewController.h */,
				AD5DB7201A9B80A900F9DACE /* VOSEditGroupViewController.m */,
				ADD175661A9D45520048D571 /* VOSEditPlayerViewController.h */,
				ADD175671A9D45520048D571 /* VOSEditPlayerViewController.m */,
				AD5689EB1AB6D1BD002F2E09 /* VOSGamesViewController.h */,
				AD5689EC1AB6D1BD002F2E09 /* VOSGamesViewController.m */,
				AD77F6951A93718E0029F418 /* VOSGroupsViewController.h */,
				AD77F6961A93718E0029F418 /* VOSGroupsViewController.m */,
				ADAB4BC41A964D48000B3054 /* VOSLogoViewController.h */,
				ADAB4BC51A964D48000B3054 /* VOSLogoViewController.m */,
				ADAB4BC61A964D48000B3054 /* VOSLogoViewController.xib */,
				ADD175691A9D47C70048D571 /* VOSPhotoViewController.h */,
				ADD1756A1A9D47C70048D571 /* VOSPhotoViewController.m */,
				ADD1756B1A9D47C70048D571 /* VOSPhotoViewController.xib */,
				ADB9D07A1A9CE84A002954CF /* VOSPlayersViewController.h */,
				ADB9D07B1A9CE84A002954CF /* VOSPlayersViewController.m */,
				ADAA9F5D1AA0C674006A1017 /* VOSPlayerCollectionViewController.h */,
				ADAA9F5E1AA0C674006A1017 /* VOSPlayerCollectionViewController.m */,
				AD5689EE1AB6E3AC002F2E09 /* VOSSelectNewGameViewController.h */,
				AD5689EF1AB6E3AC002F2E09 /* VOSSelectNewGameViewController.m */,
				AD5689F01AB6E3AC002F2E09 /* VOSSelectNewGameViewController.xib */,
				ADA19F481A9C750C00687BA2 /* VOSTeamsViewController.h */,
				ADA19F491A9C750C00687BA2 /* VOSTeamsViewController.m */,
				ADF8F73E1AAEF46D009564D3 /* VOSTeamsInAGroupViewController.h */,
				ADF8F73F1AAEF46D009564D3 /* VOSTeamsInAGroupViewController.m */,
				ADF8F7531AAF5D26009564D3 /* VOSTeamsListViewController.h */,
				ADF8F7541AAF5D26009564D3 /* VOSTeamsListViewController.m */,
				ADED9E681ABC2A530051806C /* VOSMatchViewController.h */,
				ADED9E691ABC2A530051806C /* VOSMatchViewController.m */,
				ADED9E6A1ABC2A530051806C /* VOSMatchViewController.xib */,
				ADD9EF321AC07FF2005B5960 /* VOSSelectCrewViewController.h */,
				ADD9EF331AC07FF2005B5960 /* VOSSelectCrewViewController.m */,
				ADB218AA1AC2BD2800BBB10C /* VOSStatisticsViewController.h */,
				ADB218AB1AC2BD2800BBB10C /* VOSStatisticsViewController.m */,
			);
			name = Controllers;
			sourceTree = "<group>";
		};
		AD78DDE11A92C26700541CC7 /* Views */ = {
			isa = PBXGroup;
			children = (
				ADB9D0741A9CE7C2002954CF /* PlayerManagement */,
				ADA19F471A9C748300687BA2 /* TeamsManagement */,
				AD7643BE1A98FB3B005C31D3 /* GroupManagement */,
				AD7643BD1A98FAE7005C31D3 /* ClubManagement */,
				ADF8F7471AAF2D15009564D3 /* ActionManagement */,
			);
			name = Views;
			sourceTree = "<group>";
		};
		ADA19F471A9C748300687BA2 /* TeamsManagement */ = {
			isa = PBXGroup;
			children = (
				ADA19F4B1A9C852B00687BA2 /* VOSEditTeamViewController.h */,
				ADA19F4C1A9C852B00687BA2 /* VOSEditTeamViewController.m */,
				ADA19F4D1A9C852B00687BA2 /* VOSEditTeamViewController.xib */,
			);
			name = TeamsManagement;
			sourceTree = "<group>";
		};
		ADAB43061A9341CB00D0D32D /* Resource */ = {
			isa = PBXGroup;
			children = (
				ADB9A7D11AC44F1500B6B3A6 /* Sounds */,
				AD7134DC1A96057200F272CE /* Image */,
				AD7134D41A95FFBB00F272CE /* Fonts */,
			);
			name = Resource;
			sourceTree = "<group>";
		};
		ADAF7A861A9F57B100D4A096 /* Protocols */ = {
			isa = PBXGroup;
			children = (
				ADAF7A871A9F584900D4A096 /* VOSDetailViewController.h */,
			);
			name = Protocols;
			sourceTree = "<group>";
		};
		ADB9A7D11AC44F1500B6B3A6 /* Sounds */ = {
			isa = PBXGroup;
			children = (
				ADA7C1E91AC96BEA00D583AE /* Ok.png */,
				ADA7C1EA1AC96BEA00D583AE /* Red_Cross.png */,
				ADB9A7D21AC44F2E00B6B3A6 /* Bote.wav */,
				ADB9A7D31AC44F2E00B6B3A6 /* Canasta.wav */,
				ADB9A7D41AC44F2E00B6B3A6 /* Canasta2.wav */,
				ADB9A7D51AC44F2E00B6B3A6 /* Canasta3.wav */,
				ADCC2D131AC9572B001F8E52 /* MiAlarma.aiff */,
				ADB9A7D71AC44F2E00B6B3A6 /* Rebote.wav */,
			);
			name = Sounds;
			sourceTree = "<group>";
		};
		ADB9A7E31AC45AC900B6B3A6 /* Sound */ = {
			isa = PBXGroup;
			children = (
				ADB9A7E01AC45AB800B6B3A6 /* CafPlayer.h */,
				ADB9A7E11AC45AB800B6B3A6 /* CafPlayer.m */,
			);
			name = Sound;
			sourceTree = "<group>";
		};
		ADB9D0741A9CE7C2002954CF /* PlayerManagement */ = {
			isa = PBXGroup;
			children = (
				ADB9D07F1A9D1F83002954CF /* VOSPlayerNameTableViewCell.h */,
				ADB9D0801A9D1F83002954CF /* VOSPlayerNameTableViewCell.m */,
				ADB9D0811A9D1F83002954CF /* VOSPlayerNameTableViewCell.xib */,
				ADB9D0841A9D2206002954CF /* VOSPlayerDorsalTableViewCell.h */,
				ADB9D0851A9D2206002954CF /* VOSPlayerDorsalTableViewCell.m */,
				ADB9D0861A9D2206002954CF /* VOSPlayerDorsalTableViewCell.xib */,
				ADD175571A9D25220048D571 /* VOSPlayerPhotoTableViewCell.h */,
				ADD175581A9D25220048D571 /* VOSPlayerPhotoTableViewCell.m */,
				ADD175591A9D25220048D571 /* VOSPlayerPhotoTableViewCell.xib */,
				ADAA9F581AA0BC68006A1017 /* VOSPlayerCollectionViewCell.h */,
				ADAA9F591AA0BC68006A1017 /* VOSPlayerCollectionViewCell.m */,
				ADAA9F5B1AA0BC8A006A1017 /* VOSPlayerCollectionViewCell.xib */,
			);
			name = PlayerManagement;
			sourceTree = "<group>";
		};
		ADF8F7471AAF2D15009564D3 /* ActionManagement */ = {
			isa = PBXGroup;
			children = (
				AD78DDEA1A92C61700541CC7 /* VOSActionTableViewCell.h */,
				AD78DDEB1A92C61700541CC7 /* VOSActionTableViewCell.m */,
				AD78DDEC1A92C61700541CC7 /* VOSActionTableViewCell.xib */,
			);
			name = ActionManagement;
			sourceTree = "<group>";
		};
		ADF9FE1E1AA36A05002BE1D4 /* Frameworks */ = {
			isa = PBXGroup;
			children = (
				ADF9FE181AA3695B002BE1D4 /* CoreGraphics.framework */,
				ADF9FE1A1AA36965002BE1D4 /* Foundation.framework */,
				ADF9FE1C1AA36977002BE1D4 /* UIKit.framework */,
			);
			name = Frameworks;
			sourceTree = "<group>";
		};
/* End PBXGroup section */

/* Begin PBXNativeTarget section */
		AD78DD781A92B77A00541CC7 /* BasketballRanking */ = {
			isa = PBXNativeTarget;
			buildConfigurationList = AD78DD961A92B77A00541CC7 /* Build configuration list for PBXNativeTarget "BasketballRanking" */;
			buildPhases = (
				AD78DD751A92B77A00541CC7 /* Sources */,
				AD78DD761A92B77A00541CC7 /* Frameworks */,
				AD78DD771A92B77A00541CC7 /* Resources */,
			);
			buildRules = (
			);
			dependencies = (
			);
			name = BasketballRanking;
			productName = BasketballRanking;
			productReference = AD78DD791A92B77A00541CC7 /* BasketballRanking.app */;
			productType = "com.apple.product-type.application";
		};
		AD78DD8B1A92B77A00541CC7 /* BasketballRankingTests */ = {
			isa = PBXNativeTarget;
			buildConfigurationList = AD78DD991A92B77A00541CC7 /* Build configuration list for PBXNativeTarget "BasketballRankingTests" */;
			buildPhases = (
				AD78DD881A92B77A00541CC7 /* Sources */,
				AD78DD891A92B77A00541CC7 /* Frameworks */,
				AD78DD8A1A92B77A00541CC7 /* Resources */,
			);
			buildRules = (
			);
			dependencies = (
				AD78DD8E1A92B77A00541CC7 /* PBXTargetDependency */,
			);
			name = BasketballRankingTests;
			productName = BasketballRankingTests;
			productReference = AD78DD8C1A92B77A00541CC7 /* BasketballRankingTests.xctest */;
			productType = "com.apple.product-type.bundle.unit-test";
		};
/* End PBXNativeTarget section */

/* Begin PBXProject section */
		AD78DD711A92B77A00541CC7 /* Project object */ = {
			isa = PBXProject;
			attributes = {
				LastUpgradeCheck = 0610;
				ORGANIZATIONNAME = "Vicente Oliva de la Serna";
				TargetAttributes = {
					AD78DD781A92B77A00541CC7 = {
						CreatedOnToolsVersion = 6.1.1;
						DevelopmentTeam = 7D7Z96NXV3;
						SystemCapabilities = {
							com.apple.Maps.iOS = {
								enabled = 0;
							};
						};
					};
					AD78DD8B1A92B77A00541CC7 = {
						CreatedOnToolsVersion = 6.1.1;
						DevelopmentTeam = 7D7Z96NXV3;
						TestTargetID = AD78DD781A92B77A00541CC7;
					};
				};
			};
			buildConfigurationList = AD78DD741A92B77A00541CC7 /* Build configuration list for PBXProject "BasketballRanking" */;
			compatibilityVersion = "Xcode 3.2";
			developmentRegion = English;
			hasScannedForEncodings = 0;
			knownRegions = (
				en,
				Base,
			);
			mainGroup = AD78DD701A92B77A00541CC7;
			productRefGroup = AD78DD7A1A92B77A00541CC7 /* Products */;
			projectDirPath = "";
			projectRoot = "";
			targets = (
				AD78DD781A92B77A00541CC7 /* BasketballRanking */,
				AD78DD8B1A92B77A00541CC7 /* BasketballRankingTests */,
			);
		};
/* End PBXProject section */

/* Begin PBXResourcesBuildPhase section */
		AD78DD771A92B77A00541CC7 /* Resources */ = {
			isa = PBXResourcesBuildPhase;
			buildActionMask = 2147483647;
			files = (
				ADB9A7D91AC44F2E00B6B3A6 /* Canasta.wav in Resources */,
				ADD4523A1AC02BDE00A90AD8 /* Restart_btn.png in Resources */,
				ADD452381AC01CBB00A90AD8 /* Radioland.ttf in Resources */,
				ADAA9F5C1AA0BC8A006A1017 /* VOSPlayerCollectionViewCell.xib in Resources */,
				ADD7847F1AC9B05C00E89801 /* Falta_C.png in Resources */,
				ADAB4BC81A964D48000B3054 /* VOSLogoViewController.xib in Resources */,
				ADF9FE231AA38743002BE1D4 /* VOSDetailPlayerViewController.xib in Resources */,
				ADB9D0881A9D2206002954CF /* VOSPlayerDorsalTableViewCell.xib in Resources */,
				ADD452321AC00B3400A90AD8 /* Pause_btn.png in Resources */,
				AD78DDEE1A92C61700541CC7 /* VOSActionTableViewCell.xib in Resources */,
				ADA5E0A01AC999F20069FD1C /* Canasta_KO_3.png in Resources */,
				ADD452341AC00ECD00A90AD8 /* Start_btn.png in Resources */,
				ADA5E0A11AC999F20069FD1C /* Canasta_KO.png in Resources */,
				AD7134E11A9605C600F272CE /* VOSClubLogoTableViewCell.xib in Resources */,
				ADB0F8411AA744DF0025EEF6 /* VOSDetailClasificationViewController.xib in Resources */,
				ADCC2D141AC9572B001F8E52 /* MiAlarma.aiff in Resources */,
				ADD452361AC0157000A90AD8 /* Stop_btn.png in Resources */,
				ADA5E09A1AC995550069FD1C /* Canasta_2.png in Resources */,
				AD7134D11A95FBFF00F272CE /* VOSClubNameTableViewCell.xib in Resources */,
				ADD7847A1AC9ACB300E89801 /* Tapon.png in Resources */,
				AD5689F21AB6E3AC002F2E09 /* VOSSelectNewGameViewController.xib in Resources */,
				ADD784771AC9A62E00E89801 /* Perdida.png in Resources */,
				ADA5E09B1AC995550069FD1C /* Canasta_3.png in Resources */,
				ADD1755B1A9D25220048D571 /* VOSPlayerPhotoTableViewCell.xib in Resources */,
				ADDFC4121AC17A3F0069C34F /* Ball.png in Resources */,
				ADB9A7DD1AC44F2E00B6B3A6 /* Rebote.wav in Resources */,
				AD9B7D741A968EB100060D70 /* AmaticSC-Bold.ttf in Resources */,
				ADAB28C31AA5F820003272FB /* VOSEditCategoryViewController.xib in Resources */,
				ADD175601A9D3CE60048D571 /* VOSYearOfGroupTableViewCell.xib in Resources */,
				ADA7C1EC1AC96BEA00D583AE /* Red_Cross.png in Resources */,
				ADAA9F571AA066BD006A1017 /* Player_Jumping.png in Resources */,
				ADA19F4F1A9C852B00687BA2 /* VOSEditTeamViewController.xib in Resources */,
				ADD784801AC9B05C00E89801 /* Falta_R.png in Resources */,
				AD78DD871A92B77A00541CC7 /* LaunchScreen.xib in Resources */,
				AD77F69C1A9378FF0029F418 /* VOSGroupTableViewCell.xib in Resources */,
				AD7134D91A96040A00F272CE /* VOSClubDirectionTableViewCell.xib in Resources */,
				ADF8F74C1AAF3871009564D3 /* VOSTeamsInAGroupTableViewCell.xib in Resources */,
				ADB9D07E1A9CF51B002954CF /* Silueta_Jugador.jpg in Resources */,
				ADD1756D1A9D47C70048D571 /* VOSPhotoViewController.xib in Resources */,
				ADD784731AC9A4EE00E89801 /* Rebote_D.png in Resources */,
				ADD784741AC9A4EE00E89801 /* Rebote_O.png in Resources */,
				AD78DD841A92B77A00541CC7 /* Images.xcassets in Resources */,
				ADB9A7D81AC44F2E00B6B3A6 /* Bote.wav in Resources */,
				AD7134D31A95FF4400F272CE /* Dosis Book.TTF in Resources */,
				ADA5E09F1AC999F20069FD1C /* Canasta_KO_2.png in Resources */,
				ADB9D0831A9D1F83002954CF /* VOSPlayerNameTableViewCell.xib in Resources */,
				ADB9A7DB1AC44F2E00B6B3A6 /* Canasta3.wav in Resources */,
				ADA7C1EB1AC96BEA00D583AE /* Ok.png in Resources */,
				ADD784821AC9B61C00E89801 /* Records.png in Resources */,
				ADD784781AC9A62E00E89801 /* Robo.png in Resources */,
				AD52E25A1AA531960009353C /* mobilephone15.png in Resources */,
				ADB9A7DA1AC44F2E00B6B3A6 /* Canasta2.wav in Resources */,
				ADA5E0971AC992D60069FD1C /* Canasta_1.png in Resources */,
				AD7134DB1A96056900F272CE /* Photo_not_available.jpg in Resources */,
				ADED9E6C1ABC2A530051806C /* VOSMatchViewController.xib in Resources */,
				ADD7847C1AC9AF2500E89801 /* Asistencia.png in Resources */,
			);
			runOnlyForDeploymentPostprocessing = 0;
		};
		AD78DD8A1A92B77A00541CC7 /* Resources */ = {
			isa = PBXResourcesBuildPhase;
			buildActionMask = 2147483647;
			files = (
			);
			runOnlyForDeploymentPostprocessing = 0;
		};
/* End PBXResourcesBuildPhase section */

/* Begin PBXSourcesBuildPhase section */
		AD78DD751A92B77A00541CC7 /* Sources */ = {
			isa = PBXSourcesBuildPhase;
			buildActionMask = 2147483647;
			files = (
				AD78DDCA1A92BE9C00541CC7 /* VOSCategory.m in Sources */,
				ADC6DC8B1A9500010022BAC9 /* VOSLogo.m in Sources */,
				AD78DDC91A92BE9C00541CC7 /* VOSAction.m in Sources */,
				AD7134CC1A95EAD500F272CE /* VOSClubsViewController.m in Sources */,
				AD7134D81A96040A00F272CE /* VOSClubDirectionTableViewCell.m in Sources */,
				ADB9D0821A9D1F83002954CF /* VOSPlayerNameTableViewCell.m in Sources */,
				ADC6DC811A94FFC70022BAC9 /* _VOSClub.m in Sources */,
				AD4D87121A96156000E08F03 /* VOSEditClubViewController.m in Sources */,
				AD78DDB31A92BE8100541CC7 /* _VOSGame.m in Sources */,
				ADD1755A1A9D25220048D571 /* VOSPlayerPhotoTableViewCell.m in Sources */,
				AD78DDE91A92C57800541CC7 /* VOSActionTableViewController.m in Sources */,
				AD7134D01A95FBFF00F272CE /* VOSClubNameTableViewCell.m in Sources */,
				AD78DDD01A92BE9C00541CC7 /* VOSTeam.m in Sources */,
				ADB9D07C1A9CE84A002954CF /* VOSPlayersViewController.m in Sources */,
				ADBF88861AA6FBE40090E898 /* VOSClasificationViewController.m in Sources */,
				ADD175681A9D45520048D571 /* VOSEditPlayerViewController.m in Sources */,
				AD78DDCD1A92BE9C00541CC7 /* VOSPhotoContainer.m in Sources */,
				AD78DDD91A92C1AA00541CC7 /* VOSCoreDataStack.m in Sources */,
				AD78DDCE1A92BE9C00541CC7 /* VOSPlayer.m in Sources */,
				AD78DDB11A92BE8100541CC7 /* _VOSAction.m in Sources */,
				AD78DDB41A92BE8100541CC7 /* _VOSGroup.m in Sources */,
				AD78DDB51A92BE8100541CC7 /* _VOSPhotoContainer.m in Sources */,
				ADC6DC8A1A9500010022BAC9 /* VOSClub.m in Sources */,
				ADAA9F5F1AA0C674006A1017 /* VOSPlayerCollectionViewController.m in Sources */,
				ADD1756C1A9D47C70048D571 /* VOSPhotoViewController.m in Sources */,
				ADAB4BC71A964D48000B3054 /* VOSLogoViewController.m in Sources */,
				ADB218AC1AC2BD2800BBB10C /* VOSStatisticsViewController.m in Sources */,
				AD5689ED1AB6D1BD002F2E09 /* VOSGamesViewController.m in Sources */,
				AD78DDCB1A92BE9C00541CC7 /* VOSGame.m in Sources */,
				ADC6DC801A94FFC70022BAC9 /* _VOSClasification.m in Sources */,
				AD7134E01A9605C600F272CE /* VOSClubLogoTableViewCell.m in Sources */,
				ADD1755F1A9D3CE60048D571 /* VOSYearOfGroupTableViewCell.m in Sources */,
				AD78DD821A92B77A00541CC7 /* AppDelegate.m in Sources */,
				ADB9A7E21AC45AB800B6B3A6 /* CafPlayer.m in Sources */,
				AD78DDB61A92BE8100541CC7 /* _VOSPlayer.m in Sources */,
				AD78DD7F1A92B77A00541CC7 /* main.m in Sources */,
				ADA19F4E1A9C852B00687BA2 /* VOSEditTeamViewController.m in Sources */,
				AD5DB7211A9B80A900F9DACE /* VOSEditGroupViewController.m in Sources */,
				ADAB4BCF1A964FE0000B3054 /* UIImage+Alpha.m in Sources */,
				ADB0F8401AA744DF0025EEF6 /* VOSDetailClasificationViewController.m in Sources */,
				AD78DD9E1A92B78E00541CC7 /* Model.xcdatamodeld in Sources */,
				ADF8F7551AAF5D26009564D3 /* VOSTeamsListViewController.m in Sources */,
				ADD9EF341AC07FF2005B5960 /* VOSSelectCrewViewController.m in Sources */,
				AD78DDB21A92BE8100541CC7 /* _VOSCategory.m in Sources */,
				ADC6DC821A94FFC70022BAC9 /* _VOSLogo.m in Sources */,
				ADAA9F5A1AA0BC68006A1017 /* VOSPlayerCollectionViewCell.m in Sources */,
				ADAF7A731A9F3DE600D4A096 /* VOSCoreDataCollectionViewController.m in Sources */,
				AD5689F11AB6E3AC002F2E09 /* VOSSelectNewGameViewController.m in Sources */,
				ADAB28C21AA5F820003272FB /* VOSEditCategoryViewController.m in Sources */,
				AD77F69B1A9378FF0029F418 /* VOSGroupTableViewCell.m in Sources */,
				AD78DDDD1A92C1F900541CC7 /* VOSCoreDataTableViewController.m in Sources */,
				AD78DDE01A92C24F00541CC7 /* VOSCategoriesViewController.m in Sources */,
				ADF8F7401AAEF46D009564D3 /* VOSTeamsInAGroupViewController.m in Sources */,
				ADAB4BD11A964FE0000B3054 /* UIImage+RoundedCorner.m in Sources */,
				AD77F6971A93718E0029F418 /* VOSGroupsViewController.m in Sources */,
				ADA19F4A1A9C750C00687BA2 /* VOSTeamsViewController.m in Sources */,
				AD78DDB81A92BE8100541CC7 /* _VOSTeam.m in Sources */,
				AD78DDD61A92C10400541CC7 /* UIViewController+Navigation.m in Sources */,
				AD78DDCF1A92BE9C00541CC7 /* VOSStatistic.m in Sources */,
				ADF9FE221AA38743002BE1D4 /* VOSDetailPlayerViewController.m in Sources */,
				AD78DDCC1A92BE9C00541CC7 /* VOSGroup.m in Sources */,
				ADB9D0871A9D2206002954CF /* VOSPlayerDorsalTableViewCell.m in Sources */,
				ADED9E6B1ABC2A530051806C /* VOSMatchViewController.m in Sources */,
				AD78DDED1A92C61700541CC7 /* VOSActionTableViewCell.m in Sources */,
				ADC6DC891A9500010022BAC9 /* VOSClasification.m in Sources */,
				AD78DDB71A92BE8100541CC7 /* _VOSStatistic.m in Sources */,
				ADAB4BD01A964FE0000B3054 /* UIImage+Resize.m in Sources */,
				ADF8F74B1AAF3871009564D3 /* VOSTeamsInAGroupTableViewCell.m in Sources */,
			);
			runOnlyForDeploymentPostprocessing = 0;
		};
		AD78DD881A92B77A00541CC7 /* Sources */ = {
			isa = PBXSourcesBuildPhase;
			buildActionMask = 2147483647;
			files = (
				AD78DD931A92B77A00541CC7 /* BasketballRankingTests.m in Sources */,
			);
			runOnlyForDeploymentPostprocessing = 0;
		};
/* End PBXSourcesBuildPhase section */

/* Begin PBXTargetDependency section */
		AD78DD8E1A92B77A00541CC7 /* PBXTargetDependency */ = {
			isa = PBXTargetDependency;
			target = AD78DD781A92B77A00541CC7 /* BasketballRanking */;
			targetProxy = AD78DD8D1A92B77A00541CC7 /* PBXContainerItemProxy */;
		};
/* End PBXTargetDependency section */

/* Begin PBXVariantGroup section */
		AD78DD851A92B77A00541CC7 /* LaunchScreen.xib */ = {
			isa = PBXVariantGroup;
			children = (
				AD78DD861A92B77A00541CC7 /* Base */,
			);
			name = LaunchScreen.xib;
			sourceTree = "<group>";
		};
/* End PBXVariantGroup section */

/* Begin XCBuildConfiguration section */
		AD78DD941A92B77A00541CC7 /* Debug */ = {
			isa = XCBuildConfiguration;
			buildSettings = {
				ALWAYS_SEARCH_USER_PATHS = NO;
				CLANG_CXX_LANGUAGE_STANDARD = "gnu++0x";
				CLANG_CXX_LIBRARY = "libc++";
				CLANG_ENABLE_MODULES = YES;
				CLANG_ENABLE_OBJC_ARC = YES;
				CLANG_WARN_BOOL_CONVERSION = YES;
				CLANG_WARN_CONSTANT_CONVERSION = YES;
				CLANG_WARN_DIRECT_OBJC_ISA_USAGE = YES_ERROR;
				CLANG_WARN_EMPTY_BODY = YES;
				CLANG_WARN_ENUM_CONVERSION = YES;
				CLANG_WARN_INT_CONVERSION = YES;
				CLANG_WARN_OBJC_ROOT_CLASS = YES_ERROR;
				CLANG_WARN_UNREACHABLE_CODE = YES;
				CLANG_WARN__DUPLICATE_METHOD_MATCH = YES;
				"CODE_SIGN_IDENTITY[sdk=iphoneos*]" = "iPhone Developer";
				COPY_PHASE_STRIP = NO;
				ENABLE_STRICT_OBJC_MSGSEND = YES;
				GCC_C_LANGUAGE_STANDARD = gnu99;
				GCC_DYNAMIC_NO_PIC = NO;
				GCC_OPTIMIZATION_LEVEL = 0;
				GCC_PREPROCESSOR_DEFINITIONS = (
					"DEBUG=1",
					"$(inherited)",
				);
				GCC_SYMBOLS_PRIVATE_EXTERN = NO;
				GCC_WARN_64_TO_32_BIT_CONVERSION = YES;
				GCC_WARN_ABOUT_RETURN_TYPE = YES_ERROR;
				GCC_WARN_UNDECLARED_SELECTOR = YES;
				GCC_WARN_UNINITIALIZED_AUTOS = YES_AGGRESSIVE;
				GCC_WARN_UNUSED_FUNCTION = YES;
				GCC_WARN_UNUSED_VARIABLE = YES;
				IPHONEOS_DEPLOYMENT_TARGET = 8.1;
				MTL_ENABLE_DEBUG_INFO = YES;
				ONLY_ACTIVE_ARCH = YES;
				SDKROOT = iphoneos;
				TARGETED_DEVICE_FAMILY = 2;
			};
			name = Debug;
		};
		AD78DD951A92B77A00541CC7 /* Release */ = {
			isa = XCBuildConfiguration;
			buildSettings = {
				ALWAYS_SEARCH_USER_PATHS = NO;
				CLANG_CXX_LANGUAGE_STANDARD = "gnu++0x";
				CLANG_CXX_LIBRARY = "libc++";
				CLANG_ENABLE_MODULES = YES;
				CLANG_ENABLE_OBJC_ARC = YES;
				CLANG_WARN_BOOL_CONVERSION = YES;
				CLANG_WARN_CONSTANT_CONVERSION = YES;
				CLANG_WARN_DIRECT_OBJC_ISA_USAGE = YES_ERROR;
				CLANG_WARN_EMPTY_BODY = YES;
				CLANG_WARN_ENUM_CONVERSION = YES;
				CLANG_WARN_INT_CONVERSION = YES;
				CLANG_WARN_OBJC_ROOT_CLASS = YES_ERROR;
				CLANG_WARN_UNREACHABLE_CODE = YES;
				CLANG_WARN__DUPLICATE_METHOD_MATCH = YES;
				"CODE_SIGN_IDENTITY[sdk=iphoneos*]" = "iPhone Developer";
				COPY_PHASE_STRIP = YES;
				ENABLE_NS_ASSERTIONS = NO;
				ENABLE_STRICT_OBJC_MSGSEND = YES;
				GCC_C_LANGUAGE_STANDARD = gnu99;
				GCC_WARN_64_TO_32_BIT_CONVERSION = YES;
				GCC_WARN_ABOUT_RETURN_TYPE = YES_ERROR;
				GCC_WARN_UNDECLARED_SELECTOR = YES;
				GCC_WARN_UNINITIALIZED_AUTOS = YES_AGGRESSIVE;
				GCC_WARN_UNUSED_FUNCTION = YES;
				GCC_WARN_UNUSED_VARIABLE = YES;
				IPHONEOS_DEPLOYMENT_TARGET = 8.1;
				MTL_ENABLE_DEBUG_INFO = NO;
				SDKROOT = iphoneos;
				TARGETED_DEVICE_FAMILY = 2;
				VALIDATE_PRODUCT = YES;
			};
			name = Release;
		};
		AD78DD971A92B77A00541CC7 /* Debug */ = {
			isa = XCBuildConfiguration;
			buildSettings = {
				ASSETCATALOG_COMPILER_APPICON_NAME = AppIcon;
				CODE_SIGN_IDENTITY = "iPhone Developer";
				"CODE_SIGN_IDENTITY[sdk=iphoneos*]" = "iPhone Developer";
				GCC_PREFIX_HEADER = "$(SRCROOT)/$(PROJECT_NAME)/BasketballRanking-Prefix.pch";
				INFOPLIST_FILE = BasketballRanking/Info.plist;
				LD_RUNPATH_SEARCH_PATHS = "$(inherited) @executable_path/Frameworks";
				PRODUCT_NAME = "$(TARGET_NAME)";
				PROVISIONING_PROFILE = "";
				TARGETED_DEVICE_FAMILY = "1,2";
			};
			name = Debug;
		};
		AD78DD981A92B77A00541CC7 /* Release */ = {
			isa = XCBuildConfiguration;
			buildSettings = {
				ASSETCATALOG_COMPILER_APPICON_NAME = AppIcon;
				CODE_SIGN_IDENTITY = "iPhone Developer";
				"CODE_SIGN_IDENTITY[sdk=iphoneos*]" = "iPhone Developer";
				GCC_PREFIX_HEADER = "$(SRCROOT)/$(PROJECT_NAME)/BasketballRanking-Prefix.pch";
				INFOPLIST_FILE = BasketballRanking/Info.plist;
				LD_RUNPATH_SEARCH_PATHS = "$(inherited) @executable_path/Frameworks";
				PRODUCT_NAME = "$(TARGET_NAME)";
				PROVISIONING_PROFILE = "";
				TARGETED_DEVICE_FAMILY = "1,2";
			};
			name = Release;
		};
		AD78DD9A1A92B77A00541CC7 /* Debug */ = {
			isa = XCBuildConfiguration;
			buildSettings = {
				BUNDLE_LOADER = "$(TEST_HOST)";
				CODE_SIGN_IDENTITY = "iPhone Developer";
				"CODE_SIGN_IDENTITY[sdk=iphoneos*]" = "iPhone Developer";
				FRAMEWORK_SEARCH_PATHS = (
					"$(SDKROOT)/Developer/Library/Frameworks",
					"$(inherited)",
				);
				GCC_PREPROCESSOR_DEFINITIONS = (
					"DEBUG=1",
					"$(inherited)",
				);
				INFOPLIST_FILE = BasketballRankingTests/Info.plist;
				LD_RUNPATH_SEARCH_PATHS = "$(inherited) @executable_path/Frameworks @loader_path/Frameworks";
				PRODUCT_NAME = "$(TARGET_NAME)";
				PROVISIONING_PROFILE = "";
				TEST_HOST = "$(BUILT_PRODUCTS_DIR)/BasketballRanking.app/BasketballRanking";
			};
			name = Debug;
		};
		AD78DD9B1A92B77A00541CC7 /* Release */ = {
			isa = XCBuildConfiguration;
			buildSettings = {
				BUNDLE_LOADER = "$(TEST_HOST)";
				CODE_SIGN_IDENTITY = "iPhone Developer";
				"CODE_SIGN_IDENTITY[sdk=iphoneos*]" = "iPhone Developer";
				FRAMEWORK_SEARCH_PATHS = (
					"$(SDKROOT)/Developer/Library/Frameworks",
					"$(inherited)",
				);
				INFOPLIST_FILE = BasketballRankingTests/Info.plist;
				LD_RUNPATH_SEARCH_PATHS = "$(inherited) @executable_path/Frameworks @loader_path/Frameworks";
				PRODUCT_NAME = "$(TARGET_NAME)";
				PROVISIONING_PROFILE = "";
				TEST_HOST = "$(BUILT_PRODUCTS_DIR)/BasketballRanking.app/BasketballRanking";
			};
			name = Release;
		};
/* End XCBuildConfiguration section */

/* Begin XCConfigurationList section */
		AD78DD741A92B77A00541CC7 /* Build configuration list for PBXProject "BasketballRanking" */ = {
			isa = XCConfigurationList;
			buildConfigurations = (
				AD78DD941A92B77A00541CC7 /* Debug */,
				AD78DD951A92B77A00541CC7 /* Release */,
			);
			defaultConfigurationIsVisible = 0;
			defaultConfigurationName = Release;
		};
		AD78DD961A92B77A00541CC7 /* Build configuration list for PBXNativeTarget "BasketballRanking" */ = {
			isa = XCConfigurationList;
			buildConfigurations = (
				AD78DD971A92B77A00541CC7 /* Debug */,
				AD78DD981A92B77A00541CC7 /* Release */,
			);
			defaultConfigurationIsVisible = 0;
			defaultConfigurationName = Release;
		};
		AD78DD991A92B77A00541CC7 /* Build configuration list for PBXNativeTarget "BasketballRankingTests" */ = {
			isa = XCConfigurationList;
			buildConfigurations = (
				AD78DD9A1A92B77A00541CC7 /* Debug */,
				AD78DD9B1A92B77A00541CC7 /* Release */,
			);
			defaultConfigurationIsVisible = 0;
			defaultConfigurationName = Release;
		};
/* End XCConfigurationList section */

/* Begin XCVersionGroup section */
		AD78DD9C1A92B78E00541CC7 /* Model.xcdatamodeld */ = {
			isa = XCVersionGroup;
			children = (
				ADC0E5B41AB0926000A24DD4 /* Model4.xcdatamodel */,
				ADAB28BE1AA5C371003272FB /* Model3.xcdatamodel */,
				ADAB28BD1AA5AF8F003272FB /* Model2.xcdatamodel */,
				AD78DD9D1A92B78E00541CC7 /* Model.xcdatamodel */,
			);
			currentVersion = ADC0E5B41AB0926000A24DD4 /* Model4.xcdatamodel */;
			path = Model.xcdatamodeld;
			sourceTree = "<group>";
			versionGroupType = wrapper.xcdatamodel;
		};
/* End XCVersionGroup section */
	};
	rootObject = AD78DD711A92B77A00541CC7 /* Project object */;
}
